{
  "object": {
    "pins": [
      {
        "package": "RxSwift",
        "repositoryURL": "https://github.com/ReactiveX/RxSwift.git",
        "state": {
          "branch": null,
          "revision": "cec68169a048a079f461ba203fe85636548d7a89",
          "version": "5.1.3"
        }
      }
    ]
  },
  "version": 1
}
