// !$*UTF8*$!
{
	archiveVersion = 1;
	classes = {
	};
	objectVersion = 46;
	objects = {

/* Begin PBXBuildFile section */
		2666FD8E1CCE457C005E81CE /* RxBluetoothKit.framework in Frameworks */ = {isa = PBXBuildFile; fileRef = 2666FD841CCE457C005E81CE /* RxBluetoothKit.framework */; };
		2666FD9D1CCE45E3005E81CE /* RxBluetoothKit.h in Headers */ = {isa = PBXBuildFile; fileRef = 2666FCEE1CCE42A5005E81CE /* RxBluetoothKit.h */; settings = {ATTRIBUTES = (Public, ); }; };
		2666FDAD1CCE4626005E81CE /* RxBluetoothKit.framework in Frameworks */ = {isa = PBXBuildFile; fileRef = 2666FDA31CCE4626005E81CE /* RxBluetoothKit.framework */; };
		2666FDD71CCE46E1005E81CE /* ObservableSpec+QueueSubscribeOn.swift in Sources */ = {isa = PBXBuildFile; fileRef = 2666FD0A1CCE431B005E81CE /* ObservableSpec+QueueSubscribeOn.swift */; };
		2666FDD81CCE46E1005E81CE /* Utilities.swift in Sources */ = {isa = PBXBuildFile; fileRef = 2666FD0B1CCE431B005E81CE /* Utilities.swift */; };
		2666FDDD1CCE46E2005E81CE /* ObservableSpec+QueueSubscribeOn.swift in Sources */ = {isa = PBXBuildFile; fileRef = 2666FD0A1CCE431B005E81CE /* ObservableSpec+QueueSubscribeOn.swift */; };
		2666FDDE1CCE46E2005E81CE /* Utilities.swift in Sources */ = {isa = PBXBuildFile; fileRef = 2666FD0B1CCE431B005E81CE /* Utilities.swift */; };
		2666FDE41CCE470A005E81CE /* FakeCentralManager.swift in Sources */ = {isa = PBXBuildFile; fileRef = 2666FCFB1CCE42FE005E81CE /* FakeCentralManager.swift */; };
		2666FDE51CCE470A005E81CE /* FakeCharacteristic.swift in Sources */ = {isa = PBXBuildFile; fileRef = 2666FCFC1CCE42FE005E81CE /* FakeCharacteristic.swift */; };
		2666FDE61CCE470A005E81CE /* FakeDescriptor.swift in Sources */ = {isa = PBXBuildFile; fileRef = 2666FCFD1CCE42FE005E81CE /* FakeDescriptor.swift */; };
		2666FDE71CCE470A005E81CE /* FakePeripheral.swift in Sources */ = {isa = PBXBuildFile; fileRef = 2666FCFE1CCE42FE005E81CE /* FakePeripheral.swift */; };
		2666FDE81CCE470A005E81CE /* FakeService.swift in Sources */ = {isa = PBXBuildFile; fileRef = 2666FCFF1CCE42FE005E81CE /* FakeService.swift */; };
		2666FDE91CCE470B005E81CE /* FakeCentralManager.swift in Sources */ = {isa = PBXBuildFile; fileRef = 2666FCFB1CCE42FE005E81CE /* FakeCentralManager.swift */; };
		2666FDEA1CCE470B005E81CE /* FakeCharacteristic.swift in Sources */ = {isa = PBXBuildFile; fileRef = 2666FCFC1CCE42FE005E81CE /* FakeCharacteristic.swift */; };
		2666FDEB1CCE470B005E81CE /* FakeDescriptor.swift in Sources */ = {isa = PBXBuildFile; fileRef = 2666FCFD1CCE42FE005E81CE /* FakeDescriptor.swift */; };
		2666FDEC1CCE470B005E81CE /* FakePeripheral.swift in Sources */ = {isa = PBXBuildFile; fileRef = 2666FCFE1CCE42FE005E81CE /* FakePeripheral.swift */; };
		2666FDED1CCE470B005E81CE /* FakeService.swift in Sources */ = {isa = PBXBuildFile; fileRef = 2666FCFF1CCE42FE005E81CE /* FakeService.swift */; };
		2666FDF21CCE470F005E81CE /* BluetoothManagerSpec.swift in Sources */ = {isa = PBXBuildFile; fileRef = 2666FCF11CCE42D1005E81CE /* BluetoothManagerSpec.swift */; };
		2666FDF31CCE470F005E81CE /* BluetoothManagerSpec+Scanning.swift in Sources */ = {isa = PBXBuildFile; fileRef = 2666FCF21CCE42D1005E81CE /* BluetoothManagerSpec+Scanning.swift */; };
		2666FDF41CCE470F005E81CE /* PeripheralSpec+Characteristics.swift in Sources */ = {isa = PBXBuildFile; fileRef = 2666FCF31CCE42D1005E81CE /* PeripheralSpec+Characteristics.swift */; };
		2666FDF51CCE470F005E81CE /* PeripheralSpec+Services.swift in Sources */ = {isa = PBXBuildFile; fileRef = 2666FCF41CCE42D1005E81CE /* PeripheralSpec+Services.swift */; };
		2666FDF61CCE4710005E81CE /* BluetoothManagerSpec.swift in Sources */ = {isa = PBXBuildFile; fileRef = 2666FCF11CCE42D1005E81CE /* BluetoothManagerSpec.swift */; };
		2666FDF71CCE4710005E81CE /* BluetoothManagerSpec+Scanning.swift in Sources */ = {isa = PBXBuildFile; fileRef = 2666FCF21CCE42D1005E81CE /* BluetoothManagerSpec+Scanning.swift */; };
		2666FDF81CCE4710005E81CE /* PeripheralSpec+Characteristics.swift in Sources */ = {isa = PBXBuildFile; fileRef = 2666FCF31CCE42D1005E81CE /* PeripheralSpec+Characteristics.swift */; };
		2666FDF91CCE4710005E81CE /* PeripheralSpec+Services.swift in Sources */ = {isa = PBXBuildFile; fileRef = 2666FCF41CCE42D1005E81CE /* PeripheralSpec+Services.swift */; };
		2666FE151CCE4731005E81CE /* RxDescriptorType.swift in Sources */ = {isa = PBXBuildFile; fileRef = A1299C1E1CBE3DEE005DEA5B /* RxDescriptorType.swift */; };
		2666FE161CCE4731005E81CE /* RxCBDescriptor.swift in Sources */ = {isa = PBXBuildFile; fileRef = A1299C191CBE3DEE005DEA5B /* RxCBDescriptor.swift */; };
		2666FE171CCE4731005E81CE /* Descriptor.swift in Sources */ = {isa = PBXBuildFile; fileRef = A1299C121CBE3DEE005DEA5B /* Descriptor.swift */; };
		2666FE181CCE4731005E81CE /* RxPeripheralType.swift in Sources */ = {isa = PBXBuildFile; fileRef = A1299C1F1CBE3DEE005DEA5B /* RxPeripheralType.swift */; };
		2666FE191CCE4731005E81CE /* ScannedPeripheral.swift in Sources */ = {isa = PBXBuildFile; fileRef = A1299C211CBE3DEE005DEA5B /* ScannedPeripheral.swift */; };
		2666FE1A1CCE4731005E81CE /* Peripheral.swift in Sources */ = {isa = PBXBuildFile; fileRef = A1299C161CBE3DEE005DEA5B /* Peripheral.swift */; };
		2666FE1B1CCE4731005E81CE /* RxCBPeripheral.swift in Sources */ = {isa = PBXBuildFile; fileRef = A1299C1A1CBE3DEE005DEA5B /* RxCBPeripheral.swift */; };
		2666FE1C1CCE4731005E81CE /* DeviceIdentifiers.swift in Sources */ = {isa = PBXBuildFile; fileRef = 26509A761CC1270100EBA319 /* DeviceIdentifiers.swift */; };
		2666FE1D1CCE4731005E81CE /* Peripheral+Convenience.swift in Sources */ = {isa = PBXBuildFile; fileRef = 26509A781CC1275E00EBA319 /* Peripheral+Convenience.swift */; };
		2666FE1E1CCE4731005E81CE /* RxServiceType.swift in Sources */ = {isa = PBXBuildFile; fileRef = A1299C201CBE3DEE005DEA5B /* RxServiceType.swift */; };
		2666FE1F1CCE4731005E81CE /* Service.swift in Sources */ = {isa = PBXBuildFile; fileRef = A1299C231CBE3DEE005DEA5B /* Service.swift */; };
		2666FE201CCE4731005E81CE /* RxCBService.swift in Sources */ = {isa = PBXBuildFile; fileRef = A1299C1B1CBE3DEE005DEA5B /* RxCBService.swift */; };
		2666FE211CCE4731005E81CE /* RxCharacteristicType.swift in Sources */ = {isa = PBXBuildFile; fileRef = A1299C1D1CBE3DEE005DEA5B /* RxCharacteristicType.swift */; };
		2666FE221CCE4731005E81CE /* RxCBCharacteristic.swift in Sources */ = {isa = PBXBuildFile; fileRef = A1299C181CBE3DEE005DEA5B /* RxCBCharacteristic.swift */; };
		2666FE231CCE4731005E81CE /* Characteristic.swift in Sources */ = {isa = PBXBuildFile; fileRef = A1299C101CBE3DEE005DEA5B /* Characteristic.swift */; };
		2666FE241CCE4731005E81CE /* Observable+QueueSubscribeOn.swift in Sources */ = {isa = PBXBuildFile; fileRef = A1299C151CBE3DEE005DEA5B /* Observable+QueueSubscribeOn.swift */; };
		2666FE251CCE4731005E81CE /* Unimplemented.swift in Sources */ = {isa = PBXBuildFile; fileRef = A1299C241CBE3DEE005DEA5B /* Unimplemented.swift */; };
		2666FE271CCE4731005E81CE /* Observable+Absorb.swift in Sources */ = {isa = PBXBuildFile; fileRef = A1299C131CBE3DEE005DEA5B /* Observable+Absorb.swift */; };
		2666FE291CCE4731005E81CE /* Boxes.swift in Sources */ = {isa = PBXBuildFile; fileRef = A1299C0F1CBE3DEE005DEA5B /* Boxes.swift */; };
		2666FE2A1CCE4731005E81CE /* BluetoothError.swift in Sources */ = {isa = PBXBuildFile; fileRef = A1299C0D1CBE3DEE005DEA5B /* BluetoothError.swift */; };
		2666FE2B1CCE4731005E81CE /* ScanOperation.swift in Sources */ = {isa = PBXBuildFile; fileRef = A1299C221CBE3DEE005DEA5B /* ScanOperation.swift */; };
		2666FE2C1CCE4731005E81CE /* RxCentralManagerType.swift in Sources */ = {isa = PBXBuildFile; fileRef = A1299C1C1CBE3DEE005DEA5B /* RxCentralManagerType.swift */; };
		2666FE2D1CCE4731005E81CE /* RxCBCentralManager.swift in Sources */ = {isa = PBXBuildFile; fileRef = A1299C171CBE3DEE005DEA5B /* RxCBCentralManager.swift */; };
		2666FE2E1CCE4731005E81CE /* BluetoothManager.swift in Sources */ = {isa = PBXBuildFile; fileRef = A1299C0E1CBE3DEE005DEA5B /* BluetoothManager.swift */; };
		2666FE2F1CCE4731005E81CE /* AdvertisementData.swift in Sources */ = {isa = PBXBuildFile; fileRef = A1299C0C1CBE3DEE005DEA5B /* AdvertisementData.swift */; };
		2666FE301CCE4732005E81CE /* RxDescriptorType.swift in Sources */ = {isa = PBXBuildFile; fileRef = A1299C1E1CBE3DEE005DEA5B /* RxDescriptorType.swift */; };
		2666FE311CCE4732005E81CE /* RxCBDescriptor.swift in Sources */ = {isa = PBXBuildFile; fileRef = A1299C191CBE3DEE005DEA5B /* RxCBDescriptor.swift */; };
		2666FE321CCE4732005E81CE /* Descriptor.swift in Sources */ = {isa = PBXBuildFile; fileRef = A1299C121CBE3DEE005DEA5B /* Descriptor.swift */; };
		2666FE331CCE4732005E81CE /* RxPeripheralType.swift in Sources */ = {isa = PBXBuildFile; fileRef = A1299C1F1CBE3DEE005DEA5B /* RxPeripheralType.swift */; };
		2666FE341CCE4732005E81CE /* ScannedPeripheral.swift in Sources */ = {isa = PBXBuildFile; fileRef = A1299C211CBE3DEE005DEA5B /* ScannedPeripheral.swift */; };
		2666FE351CCE4732005E81CE /* Peripheral.swift in Sources */ = {isa = PBXBuildFile; fileRef = A1299C161CBE3DEE005DEA5B /* Peripheral.swift */; };
		2666FE361CCE4732005E81CE /* RxCBPeripheral.swift in Sources */ = {isa = PBXBuildFile; fileRef = A1299C1A1CBE3DEE005DEA5B /* RxCBPeripheral.swift */; };
		2666FE371CCE4732005E81CE /* DeviceIdentifiers.swift in Sources */ = {isa = PBXBuildFile; fileRef = 26509A761CC1270100EBA319 /* DeviceIdentifiers.swift */; };
		2666FE381CCE4732005E81CE /* Peripheral+Convenience.swift in Sources */ = {isa = PBXBuildFile; fileRef = 26509A781CC1275E00EBA319 /* Peripheral+Convenience.swift */; };
		2666FE391CCE4732005E81CE /* RxServiceType.swift in Sources */ = {isa = PBXBuildFile; fileRef = A1299C201CBE3DEE005DEA5B /* RxServiceType.swift */; };
		2666FE3A1CCE4732005E81CE /* Service.swift in Sources */ = {isa = PBXBuildFile; fileRef = A1299C231CBE3DEE005DEA5B /* Service.swift */; };
		2666FE3B1CCE4732005E81CE /* RxCBService.swift in Sources */ = {isa = PBXBuildFile; fileRef = A1299C1B1CBE3DEE005DEA5B /* RxCBService.swift */; };
		2666FE3C1CCE4732005E81CE /* RxCharacteristicType.swift in Sources */ = {isa = PBXBuildFile; fileRef = A1299C1D1CBE3DEE005DEA5B /* RxCharacteristicType.swift */; };
		2666FE3D1CCE4732005E81CE /* RxCBCharacteristic.swift in Sources */ = {isa = PBXBuildFile; fileRef = A1299C181CBE3DEE005DEA5B /* RxCBCharacteristic.swift */; };
		2666FE3E1CCE4732005E81CE /* Characteristic.swift in Sources */ = {isa = PBXBuildFile; fileRef = A1299C101CBE3DEE005DEA5B /* Characteristic.swift */; };
		2666FE3F1CCE4732005E81CE /* Observable+QueueSubscribeOn.swift in Sources */ = {isa = PBXBuildFile; fileRef = A1299C151CBE3DEE005DEA5B /* Observable+QueueSubscribeOn.swift */; };
		2666FE401CCE4732005E81CE /* Unimplemented.swift in Sources */ = {isa = PBXBuildFile; fileRef = A1299C241CBE3DEE005DEA5B /* Unimplemented.swift */; };
		2666FE421CCE4732005E81CE /* Observable+Absorb.swift in Sources */ = {isa = PBXBuildFile; fileRef = A1299C131CBE3DEE005DEA5B /* Observable+Absorb.swift */; };
		2666FE441CCE4732005E81CE /* Boxes.swift in Sources */ = {isa = PBXBuildFile; fileRef = A1299C0F1CBE3DEE005DEA5B /* Boxes.swift */; };
		2666FE451CCE4732005E81CE /* BluetoothError.swift in Sources */ = {isa = PBXBuildFile; fileRef = A1299C0D1CBE3DEE005DEA5B /* BluetoothError.swift */; };
		2666FE461CCE4732005E81CE /* ScanOperation.swift in Sources */ = {isa = PBXBuildFile; fileRef = A1299C221CBE3DEE005DEA5B /* ScanOperation.swift */; };
		2666FE471CCE4732005E81CE /* RxCentralManagerType.swift in Sources */ = {isa = PBXBuildFile; fileRef = A1299C1C1CBE3DEE005DEA5B /* RxCentralManagerType.swift */; };
		2666FE481CCE4732005E81CE /* RxCBCentralManager.swift in Sources */ = {isa = PBXBuildFile; fileRef = A1299C171CBE3DEE005DEA5B /* RxCBCentralManager.swift */; };
		2666FE491CCE4732005E81CE /* BluetoothManager.swift in Sources */ = {isa = PBXBuildFile; fileRef = A1299C0E1CBE3DEE005DEA5B /* BluetoothManager.swift */; };
		2666FE4A1CCE4732005E81CE /* AdvertisementData.swift in Sources */ = {isa = PBXBuildFile; fileRef = A1299C0C1CBE3DEE005DEA5B /* AdvertisementData.swift */; };
		26752FA61D89C630003D8D38 /* BluetoothState.swift in Sources */ = {isa = PBXBuildFile; fileRef = 26EF38C81D86EE1F00F9F468 /* BluetoothState.swift */; };
		26EF38C91D86EE1F00F9F468 /* BluetoothState.swift in Sources */ = {isa = PBXBuildFile; fileRef = 26EF38C81D86EE1F00F9F468 /* BluetoothState.swift */; };
		26F3034B1CF0D49D00D74EBF /* RestoredState.swift in Sources */ = {isa = PBXBuildFile; fileRef = 26F3034A1CF0D49D00D74EBF /* RestoredState.swift */; };
		A10F298A1CDCD6E100593284 /* RxSwift.framework in Frameworks */ = {isa = PBXBuildFile; fileRef = 2666FE5A1CCE65CD005E81CE /* RxSwift.framework */; };
		A10F298B1CDCD6E400593284 /* RxSwift.framework in Frameworks */ = {isa = PBXBuildFile; fileRef = 2666FE5E1CCE65EE005E81CE /* RxSwift.framework */; };
		A10F29A11CDCD74B00593284 /* Nimble.framework in Frameworks */ = {isa = PBXBuildFile; fileRef = A10F29921CDCD72200593284 /* Nimble.framework */; };
		A10F29A31CDCD75200593284 /* Quick.framework in Frameworks */ = {isa = PBXBuildFile; fileRef = A10F29911CDCD72200593284 /* Quick.framework */; };
		A10F29A41CDCD75600593284 /* Nimble.framework in Frameworks */ = {isa = PBXBuildFile; fileRef = A10F299A1CDCD73A00593284 /* Nimble.framework */; };
		A10F29A51CDCD75900593284 /* Quick.framework in Frameworks */ = {isa = PBXBuildFile; fileRef = A10F29991CDCD73A00593284 /* Quick.framework */; };
		A10F29AD1CDCD98400593284 /* RxSwift.framework in Frameworks */ = {isa = PBXBuildFile; fileRef = 2666FE5A1CCE65CD005E81CE /* RxSwift.framework */; };
		A10F29B01CDCD99900593284 /* RxSwift.framework in Frameworks */ = {isa = PBXBuildFile; fileRef = 2666FE5E1CCE65EE005E81CE /* RxSwift.framework */; };
/* End PBXBuildFile section */

/* Begin PBXContainerItemProxy section */
		2666FD8F1CCE457C005E81CE /* PBXContainerItemProxy */ = {
			isa = PBXContainerItemProxy;
			containerPortal = A1299BB41CBE3D52005DEA5B /* Project object */;
			proxyType = 1;
			remoteGlobalIDString = 2666FD831CCE457C005E81CE;
			remoteInfo = "RxBluetoothKit iOS";
		};
		2666FDAE1CCE4626005E81CE /* PBXContainerItemProxy */ = {
			isa = PBXContainerItemProxy;
			containerPortal = A1299BB41CBE3D52005DEA5B /* Project object */;
			proxyType = 1;
			remoteGlobalIDString = 2666FDA21CCE4626005E81CE;
			remoteInfo = "RxBluetoothKit OSX";
		};
/* End PBXContainerItemProxy section */

/* Begin PBXCopyFilesBuildPhase section */
		A10F29801CDCD63100593284 /* Copy Frameworks */ = {
			isa = PBXCopyFilesBuildPhase;
			buildActionMask = 2147483647;
			dstPath = "";
			dstSubfolderSpec = 10;
			files = (
			);
			name = "Copy Frameworks";
			runOnlyForDeploymentPostprocessing = 0;
		};
		A10F29851CDCD6B200593284 /* CopyFiles */ = {
			isa = PBXCopyFilesBuildPhase;
			buildActionMask = 2147483647;
			dstPath = "";
			dstSubfolderSpec = 10;
			files = (
			);
			runOnlyForDeploymentPostprocessing = 0;
		};
/* End PBXCopyFilesBuildPhase section */

/* Begin PBXFileReference section */
		0A20F00F1DB4C01C00A1A805 /* RxTest.framework */ = {isa = PBXFileReference; lastKnownFileType = wrapper.framework; name = RxTest.framework; path = Carthage/Build/Mac/RxTest.framework; sourceTree = SOURCE_ROOT; };
		0A20F0111DB4C02B00A1A805 /* RxTest.framework */ = {isa = PBXFileReference; lastKnownFileType = wrapper.framework; name = RxTest.framework; path = Carthage/Build/iOS/RxTest.framework; sourceTree = SOURCE_ROOT; };
		26509A761CC1270100EBA319 /* DeviceIdentifiers.swift */ = {isa = PBXFileReference; fileEncoding = 4; lastKnownFileType = sourcecode.swift; path = DeviceIdentifiers.swift; sourceTree = "<group>"; };
		26509A781CC1275E00EBA319 /* Peripheral+Convenience.swift */ = {isa = PBXFileReference; fileEncoding = 4; lastKnownFileType = sourcecode.swift; lineEnding = 0; path = "Peripheral+Convenience.swift"; sourceTree = "<group>"; xcLanguageSpecificationIdentifier = xcode.lang.swift; };
		2666FCED1CCE42A5005E81CE /* Info.plist */ = {isa = PBXFileReference; fileEncoding = 4; lastKnownFileType = text.plist.xml; name = Info.plist; path = Source/Info.plist; sourceTree = "<group>"; };
		2666FCEE1CCE42A5005E81CE /* RxBluetoothKit.h */ = {isa = PBXFileReference; fileEncoding = 4; lastKnownFileType = sourcecode.c.h; name = RxBluetoothKit.h; path = Source/RxBluetoothKit.h; sourceTree = "<group>"; };
		2666FCF11CCE42D1005E81CE /* BluetoothManagerSpec.swift */ = {isa = PBXFileReference; fileEncoding = 4; lastKnownFileType = sourcecode.swift; path = BluetoothManagerSpec.swift; sourceTree = "<group>"; };
		2666FCF21CCE42D1005E81CE /* BluetoothManagerSpec+Scanning.swift */ = {isa = PBXFileReference; fileEncoding = 4; lastKnownFileType = sourcecode.swift; path = "BluetoothManagerSpec+Scanning.swift"; sourceTree = "<group>"; };
		2666FCF31CCE42D1005E81CE /* PeripheralSpec+Characteristics.swift */ = {isa = PBXFileReference; fileEncoding = 4; lastKnownFileType = sourcecode.swift; path = "PeripheralSpec+Characteristics.swift"; sourceTree = "<group>"; };
		2666FCF41CCE42D1005E81CE /* PeripheralSpec+Services.swift */ = {isa = PBXFileReference; fileEncoding = 4; lastKnownFileType = sourcecode.swift; path = "PeripheralSpec+Services.swift"; sourceTree = "<group>"; };
		2666FCFB1CCE42FE005E81CE /* FakeCentralManager.swift */ = {isa = PBXFileReference; fileEncoding = 4; lastKnownFileType = sourcecode.swift; path = FakeCentralManager.swift; sourceTree = "<group>"; };
		2666FCFC1CCE42FE005E81CE /* FakeCharacteristic.swift */ = {isa = PBXFileReference; fileEncoding = 4; lastKnownFileType = sourcecode.swift; path = FakeCharacteristic.swift; sourceTree = "<group>"; };
		2666FCFD1CCE42FE005E81CE /* FakeDescriptor.swift */ = {isa = PBXFileReference; fileEncoding = 4; lastKnownFileType = sourcecode.swift; path = FakeDescriptor.swift; sourceTree = "<group>"; };
		2666FCFE1CCE42FE005E81CE /* FakePeripheral.swift */ = {isa = PBXFileReference; fileEncoding = 4; lastKnownFileType = sourcecode.swift; path = FakePeripheral.swift; sourceTree = "<group>"; };
		2666FCFF1CCE42FE005E81CE /* FakeService.swift */ = {isa = PBXFileReference; fileEncoding = 4; lastKnownFileType = sourcecode.swift; path = FakeService.swift; sourceTree = "<group>"; };
		2666FD061CCE430F005E81CE /* Info.plist */ = {isa = PBXFileReference; fileEncoding = 4; lastKnownFileType = text.plist.xml; path = Info.plist; sourceTree = "<group>"; };
		2666FD0A1CCE431B005E81CE /* ObservableSpec+QueueSubscribeOn.swift */ = {isa = PBXFileReference; fileEncoding = 4; lastKnownFileType = sourcecode.swift; lineEnding = 0; path = "ObservableSpec+QueueSubscribeOn.swift"; sourceTree = "<group>"; xcLanguageSpecificationIdentifier = xcode.lang.swift; };
		2666FD0B1CCE431B005E81CE /* Utilities.swift */ = {isa = PBXFileReference; fileEncoding = 4; lastKnownFileType = sourcecode.swift; path = Utilities.swift; sourceTree = "<group>"; };
		2666FD841CCE457C005E81CE /* RxBluetoothKit.framework */ = {isa = PBXFileReference; explicitFileType = wrapper.framework; includeInIndex = 0; path = RxBluetoothKit.framework; sourceTree = BUILT_PRODUCTS_DIR; };
		2666FD8D1CCE457C005E81CE /* RxBluetoothKit iOSTests.xctest */ = {isa = PBXFileReference; explicitFileType = wrapper.cfbundle; includeInIndex = 0; path = "RxBluetoothKit iOSTests.xctest"; sourceTree = BUILT_PRODUCTS_DIR; };
		2666FDA31CCE4626005E81CE /* RxBluetoothKit.framework */ = {isa = PBXFileReference; explicitFileType = wrapper.framework; includeInIndex = 0; path = RxBluetoothKit.framework; sourceTree = BUILT_PRODUCTS_DIR; };
		2666FDAC1CCE4626005E81CE /* RxBluetoothKit macOSTests.xctest */ = {isa = PBXFileReference; explicitFileType = wrapper.cfbundle; includeInIndex = 0; path = "RxBluetoothKit macOSTests.xctest"; sourceTree = BUILT_PRODUCTS_DIR; };
		2666FE5A1CCE65CD005E81CE /* RxSwift.framework */ = {isa = PBXFileReference; lastKnownFileType = wrapper.framework; name = RxSwift.framework; path = Carthage/Build/iOS/RxSwift.framework; sourceTree = SOURCE_ROOT; };
		2666FE5E1CCE65EE005E81CE /* RxSwift.framework */ = {isa = PBXFileReference; lastKnownFileType = wrapper.framework; name = RxSwift.framework; path = Carthage/Build/Mac/RxSwift.framework; sourceTree = SOURCE_ROOT; };
		26EF38C81D86EE1F00F9F468 /* BluetoothState.swift */ = {isa = PBXFileReference; fileEncoding = 4; lastKnownFileType = sourcecode.swift; path = BluetoothState.swift; sourceTree = "<group>"; };
		26F3034A1CF0D49D00D74EBF /* RestoredState.swift */ = {isa = PBXFileReference; fileEncoding = 4; lastKnownFileType = sourcecode.swift; path = RestoredState.swift; sourceTree = "<group>"; };
		A10F29911CDCD72200593284 /* Quick.framework */ = {isa = PBXFileReference; lastKnownFileType = wrapper.framework; name = Quick.framework; path = Carthage/Build/Mac/Quick.framework; sourceTree = SOURCE_ROOT; };
		A10F29921CDCD72200593284 /* Nimble.framework */ = {isa = PBXFileReference; lastKnownFileType = wrapper.framework; name = Nimble.framework; path = Carthage/Build/Mac/Nimble.framework; sourceTree = SOURCE_ROOT; };
		A10F29991CDCD73A00593284 /* Quick.framework */ = {isa = PBXFileReference; lastKnownFileType = wrapper.framework; name = Quick.framework; path = Carthage/Build/iOS/Quick.framework; sourceTree = SOURCE_ROOT; };
		A10F299A1CDCD73A00593284 /* Nimble.framework */ = {isa = PBXFileReference; lastKnownFileType = wrapper.framework; name = Nimble.framework; path = Carthage/Build/iOS/Nimble.framework; sourceTree = SOURCE_ROOT; };
		A1299C0C1CBE3DEE005DEA5B /* AdvertisementData.swift */ = {isa = PBXFileReference; fileEncoding = 4; lastKnownFileType = sourcecode.swift; path = AdvertisementData.swift; sourceTree = "<group>"; };
		A1299C0D1CBE3DEE005DEA5B /* BluetoothError.swift */ = {isa = PBXFileReference; fileEncoding = 4; lastKnownFileType = sourcecode.swift; path = BluetoothError.swift; sourceTree = "<group>"; };
		A1299C0E1CBE3DEE005DEA5B /* BluetoothManager.swift */ = {isa = PBXFileReference; fileEncoding = 4; lastKnownFileType = sourcecode.swift; lineEnding = 0; path = BluetoothManager.swift; sourceTree = "<group>"; xcLanguageSpecificationIdentifier = xcode.lang.swift; };
		A1299C0F1CBE3DEE005DEA5B /* Boxes.swift */ = {isa = PBXFileReference; fileEncoding = 4; lastKnownFileType = sourcecode.swift; path = Boxes.swift; sourceTree = "<group>"; };
		A1299C101CBE3DEE005DEA5B /* Characteristic.swift */ = {isa = PBXFileReference; fileEncoding = 4; lastKnownFileType = sourcecode.swift; lineEnding = 0; path = Characteristic.swift; sourceTree = "<group>"; xcLanguageSpecificationIdentifier = xcode.lang.swift; };
		A1299C121CBE3DEE005DEA5B /* Descriptor.swift */ = {isa = PBXFileReference; fileEncoding = 4; lastKnownFileType = sourcecode.swift; lineEnding = 0; path = Descriptor.swift; sourceTree = "<group>"; xcLanguageSpecificationIdentifier = xcode.lang.swift; };
		A1299C131CBE3DEE005DEA5B /* Observable+Absorb.swift */ = {isa = PBXFileReference; fileEncoding = 4; lastKnownFileType = sourcecode.swift; lineEnding = 0; path = "Observable+Absorb.swift"; sourceTree = "<group>"; xcLanguageSpecificationIdentifier = xcode.lang.swift; };
		A1299C151CBE3DEE005DEA5B /* Observable+QueueSubscribeOn.swift */ = {isa = PBXFileReference; fileEncoding = 4; lastKnownFileType = sourcecode.swift; lineEnding = 0; path = "Observable+QueueSubscribeOn.swift"; sourceTree = "<group>"; xcLanguageSpecificationIdentifier = xcode.lang.swift; };
		A1299C161CBE3DEE005DEA5B /* Peripheral.swift */ = {isa = PBXFileReference; fileEncoding = 4; lastKnownFileType = sourcecode.swift; lineEnding = 0; path = Peripheral.swift; sourceTree = "<group>"; xcLanguageSpecificationIdentifier = xcode.lang.swift; };
		A1299C171CBE3DEE005DEA5B /* RxCBCentralManager.swift */ = {isa = PBXFileReference; fileEncoding = 4; lastKnownFileType = sourcecode.swift; lineEnding = 0; path = RxCBCentralManager.swift; sourceTree = "<group>"; xcLanguageSpecificationIdentifier = xcode.lang.swift; };
		A1299C181CBE3DEE005DEA5B /* RxCBCharacteristic.swift */ = {isa = PBXFileReference; fileEncoding = 4; lastKnownFileType = sourcecode.swift; path = RxCBCharacteristic.swift; sourceTree = "<group>"; };
		A1299C191CBE3DEE005DEA5B /* RxCBDescriptor.swift */ = {isa = PBXFileReference; fileEncoding = 4; lastKnownFileType = sourcecode.swift; path = RxCBDescriptor.swift; sourceTree = "<group>"; };
		A1299C1A1CBE3DEE005DEA5B /* RxCBPeripheral.swift */ = {isa = PBXFileReference; fileEncoding = 4; lastKnownFileType = sourcecode.swift; path = RxCBPeripheral.swift; sourceTree = "<group>"; };
		A1299C1B1CBE3DEE005DEA5B /* RxCBService.swift */ = {isa = PBXFileReference; fileEncoding = 4; lastKnownFileType = sourcecode.swift; path = RxCBService.swift; sourceTree = "<group>"; };
		A1299C1C1CBE3DEE005DEA5B /* RxCentralManagerType.swift */ = {isa = PBXFileReference; fileEncoding = 4; lastKnownFileType = sourcecode.swift; path = RxCentralManagerType.swift; sourceTree = "<group>"; };
		A1299C1D1CBE3DEE005DEA5B /* RxCharacteristicType.swift */ = {isa = PBXFileReference; fileEncoding = 4; lastKnownFileType = sourcecode.swift; path = RxCharacteristicType.swift; sourceTree = "<group>"; };
		A1299C1E1CBE3DEE005DEA5B /* RxDescriptorType.swift */ = {isa = PBXFileReference; fileEncoding = 4; lastKnownFileType = sourcecode.swift; path = RxDescriptorType.swift; sourceTree = "<group>"; };
		A1299C1F1CBE3DEE005DEA5B /* RxPeripheralType.swift */ = {isa = PBXFileReference; fileEncoding = 4; lastKnownFileType = sourcecode.swift; path = RxPeripheralType.swift; sourceTree = "<group>"; };
		A1299C201CBE3DEE005DEA5B /* RxServiceType.swift */ = {isa = PBXFileReference; fileEncoding = 4; lastKnownFileType = sourcecode.swift; path = RxServiceType.swift; sourceTree = "<group>"; };
		A1299C211CBE3DEE005DEA5B /* ScannedPeripheral.swift */ = {isa = PBXFileReference; fileEncoding = 4; lastKnownFileType = sourcecode.swift; path = ScannedPeripheral.swift; sourceTree = "<group>"; };
		A1299C221CBE3DEE005DEA5B /* ScanOperation.swift */ = {isa = PBXFileReference; fileEncoding = 4; lastKnownFileType = sourcecode.swift; path = ScanOperation.swift; sourceTree = "<group>"; };
		A1299C231CBE3DEE005DEA5B /* Service.swift */ = {isa = PBXFileReference; fileEncoding = 4; lastKnownFileType = sourcecode.swift; path = Service.swift; sourceTree = "<group>"; };
		A1299C241CBE3DEE005DEA5B /* Unimplemented.swift */ = {isa = PBXFileReference; fileEncoding = 4; lastKnownFileType = sourcecode.swift; path = Unimplemented.swift; sourceTree = "<group>"; };
/* End PBXFileReference section */

/* Begin PBXFrameworksBuildPhase section */
		2666FD801CCE457C005E81CE /* Frameworks */ = {
			isa = PBXFrameworksBuildPhase;
			buildActionMask = 2147483647;
			files = (
				A10F298A1CDCD6E100593284 /* RxSwift.framework in Frameworks */,
			);
			runOnlyForDeploymentPostprocessing = 0;
		};
		2666FD8A1CCE457C005E81CE /* Frameworks */ = {
			isa = PBXFrameworksBuildPhase;
			buildActionMask = 2147483647;
			files = (
				A10F29AD1CDCD98400593284 /* RxSwift.framework in Frameworks */,
				2666FD8E1CCE457C005E81CE /* RxBluetoothKit.framework in Frameworks */,
				A10F29A41CDCD75600593284 /* Nimble.framework in Frameworks */,
				A10F29A51CDCD75900593284 /* Quick.framework in Frameworks */,
			);
			runOnlyForDeploymentPostprocessing = 0;
		};
		2666FD9F1CCE4626005E81CE /* Frameworks */ = {
			isa = PBXFrameworksBuildPhase;
			buildActionMask = 2147483647;
			files = (
				A10F298B1CDCD6E400593284 /* RxSwift.framework in Frameworks */,
			);
			runOnlyForDeploymentPostprocessing = 0;
		};
		2666FDA91CCE4626005E81CE /* Frameworks */ = {
			isa = PBXFrameworksBuildPhase;
			buildActionMask = 2147483647;
			files = (
				A10F29A31CDCD75200593284 /* Quick.framework in Frameworks */,
				2666FDAD1CCE4626005E81CE /* RxBluetoothKit.framework in Frameworks */,
				A10F29B01CDCD99900593284 /* RxSwift.framework in Frameworks */,
				A10F29A11CDCD74B00593284 /* Nimble.framework in Frameworks */,
			);
			runOnlyForDeploymentPostprocessing = 0;
		};
/* End PBXFrameworksBuildPhase section */

/* Begin PBXGroup section */
		265CD5F91CBED2E4007120AB /* BluetoothManager */ = {
			isa = PBXGroup;
			children = (
				A1299C221CBE3DEE005DEA5B /* ScanOperation.swift */,
				A1299C1C1CBE3DEE005DEA5B /* RxCentralManagerType.swift */,
				A1299C171CBE3DEE005DEA5B /* RxCBCentralManager.swift */,
				A1299C0E1CBE3DEE005DEA5B /* BluetoothManager.swift */,
				A1299C0C1CBE3DEE005DEA5B /* AdvertisementData.swift */,
				26F3034A1CF0D49D00D74EBF /* RestoredState.swift */,
				26EF38C81D86EE1F00F9F468 /* BluetoothState.swift */,
			);
			name = BluetoothManager;
			sourceTree = "<group>";
		};
		265CD5FA1CBED323007120AB /* Shared */ = {
			isa = PBXGroup;
			children = (
				A1299C151CBE3DEE005DEA5B /* Observable+QueueSubscribeOn.swift */,
				A1299C241CBE3DEE005DEA5B /* Unimplemented.swift */,
				A1299C131CBE3DEE005DEA5B /* Observable+Absorb.swift */,
				A1299C0F1CBE3DEE005DEA5B /* Boxes.swift */,
				A1299C0D1CBE3DEE005DEA5B /* BluetoothError.swift */,
			);
			name = Shared;
			sourceTree = "<group>";
		};
		265CD5FB1CBED333007120AB /* Characteristic */ = {
			isa = PBXGroup;
			children = (
				A1299C1D1CBE3DEE005DEA5B /* RxCharacteristicType.swift */,
				A1299C181CBE3DEE005DEA5B /* RxCBCharacteristic.swift */,
				A1299C101CBE3DEE005DEA5B /* Characteristic.swift */,
			);
			name = Characteristic;
			sourceTree = "<group>";
		};
		265CD5FC1CBED339007120AB /* Service */ = {
			isa = PBXGroup;
			children = (
				A1299C201CBE3DEE005DEA5B /* RxServiceType.swift */,
				A1299C231CBE3DEE005DEA5B /* Service.swift */,
				A1299C1B1CBE3DEE005DEA5B /* RxCBService.swift */,
			);
			name = Service;
			sourceTree = "<group>";
		};
		265CD5FD1CBED33D007120AB /* Peripheral */ = {
			isa = PBXGroup;
			children = (
				A1299C1F1CBE3DEE005DEA5B /* RxPeripheralType.swift */,
				A1299C211CBE3DEE005DEA5B /* ScannedPeripheral.swift */,
				A1299C161CBE3DEE005DEA5B /* Peripheral.swift */,
				A1299C1A1CBE3DEE005DEA5B /* RxCBPeripheral.swift */,
				26509A761CC1270100EBA319 /* DeviceIdentifiers.swift */,
				26509A781CC1275E00EBA319 /* Peripheral+Convenience.swift */,
			);
			name = Peripheral;
			sourceTree = "<group>";
		};
		265CD5FE1CBED348007120AB /* Descriptor */ = {
			isa = PBXGroup;
			children = (
				A1299C1E1CBE3DEE005DEA5B /* RxDescriptorType.swift */,
				A1299C191CBE3DEE005DEA5B /* RxCBDescriptor.swift */,
				A1299C121CBE3DEE005DEA5B /* Descriptor.swift */,
			);
			name = Descriptor;
			sourceTree = "<group>";
		};
		2666FCEB1CCE4194005E81CE /* Tests */ = {
			isa = PBXGroup;
			children = (
				2666FD081CCE4313005E81CE /* Shared */,
				2666FD051CCE4301005E81CE /* Supporting Files */,
				2666FCFA1CCE42F2005E81CE /* Fakes */,
				2666FCF91CCE42D8005E81CE /* Frameworks */,
				2666FCF11CCE42D1005E81CE /* BluetoothManagerSpec.swift */,
				2666FCF21CCE42D1005E81CE /* BluetoothManagerSpec+Scanning.swift */,
				2666FCF31CCE42D1005E81CE /* PeripheralSpec+Characteristics.swift */,
				2666FCF41CCE42D1005E81CE /* PeripheralSpec+Services.swift */,
			);
			path = Tests;
			sourceTree = "<group>";
		};
		2666FCEC1CCE4295005E81CE /* Supporting Files */ = {
			isa = PBXGroup;
			children = (
				2666FCED1CCE42A5005E81CE /* Info.plist */,
				2666FCEE1CCE42A5005E81CE /* RxBluetoothKit.h */,
			);
			name = "Supporting Files";
			sourceTree = "<group>";
		};
		2666FCF91CCE42D8005E81CE /* Frameworks */ = {
			isa = PBXGroup;
			children = (
				A10F298D1CDCD6F200593284 /* iOS */,
				A10F298C1CDCD6EB00593284 /* OSX */,
			);
			name = Frameworks;
			sourceTree = "<group>";
		};
		2666FCFA1CCE42F2005E81CE /* Fakes */ = {
			isa = PBXGroup;
			children = (
				2666FCFB1CCE42FE005E81CE /* FakeCentralManager.swift */,
				2666FCFC1CCE42FE005E81CE /* FakeCharacteristic.swift */,
				2666FCFD1CCE42FE005E81CE /* FakeDescriptor.swift */,
				2666FCFE1CCE42FE005E81CE /* FakePeripheral.swift */,
				2666FCFF1CCE42FE005E81CE /* FakeService.swift */,
			);
			name = Fakes;
			sourceTree = "<group>";
		};
		2666FD051CCE4301005E81CE /* Supporting Files */ = {
			isa = PBXGroup;
			children = (
				2666FD061CCE430F005E81CE /* Info.plist */,
			);
			name = "Supporting Files";
			sourceTree = "<group>";
		};
		2666FD081CCE4313005E81CE /* Shared */ = {
			isa = PBXGroup;
			children = (
				2666FD0A1CCE431B005E81CE /* ObservableSpec+QueueSubscribeOn.swift */,
				2666FD0B1CCE431B005E81CE /* Utilities.swift */,
			);
			name = Shared;
			sourceTree = "<group>";
		};
		2666FE591CCE65A9005E81CE /* iOS */ = {
			isa = PBXGroup;
			children = (
				2666FE5A1CCE65CD005E81CE /* RxSwift.framework */,
			);
			name = iOS;
			sourceTree = "<group>";
		};
		2666FE5D1CCE65D1005E81CE /* macOS */ = {
			isa = PBXGroup;
			children = (
				2666FE5E1CCE65EE005E81CE /* RxSwift.framework */,
			);
			name = macOS;
			sourceTree = "<group>";
		};
		A10F298C1CDCD6EB00593284 /* OSX */ = {
			isa = PBXGroup;
			children = (
				0A20F00F1DB4C01C00A1A805 /* RxTest.framework */,
				A10F29911CDCD72200593284 /* Quick.framework */,
				A10F29921CDCD72200593284 /* Nimble.framework */,
			);
			name = OSX;
			sourceTree = "<group>";
		};
		A10F298D1CDCD6F200593284 /* iOS */ = {
			isa = PBXGroup;
			children = (
				0A20F0111DB4C02B00A1A805 /* RxTest.framework */,
				A10F29991CDCD73A00593284 /* Quick.framework */,
				A10F299A1CDCD73A00593284 /* Nimble.framework */,
			);
			name = iOS;
			sourceTree = "<group>";
		};
		A1299BB31CBE3D52005DEA5B = {
			isa = PBXGroup;
			children = (
				2666FCEC1CCE4295005E81CE /* Supporting Files */,
				2666FCEB1CCE4194005E81CE /* Tests */,
				A1299BD71CBE3D61005DEA5B /* Source */,
				A1299C8D1CBE433B005DEA5B /* Frameworks */,
				A1299BBE1CBE3D52005DEA5B /* Products */,
			);
			sourceTree = "<group>";
		};
		A1299BBE1CBE3D52005DEA5B /* Products */ = {
			isa = PBXGroup;
			children = (
				2666FD841CCE457C005E81CE /* RxBluetoothKit.framework */,
				2666FD8D1CCE457C005E81CE /* RxBluetoothKit iOSTests.xctest */,
				2666FDA31CCE4626005E81CE /* RxBluetoothKit.framework */,
				2666FDAC1CCE4626005E81CE /* RxBluetoothKit macOSTests.xctest */,
			);
			name = Products;
			sourceTree = "<group>";
		};
		A1299BD71CBE3D61005DEA5B /* Source */ = {
			isa = PBXGroup;
			children = (
				265CD5FE1CBED348007120AB /* Descriptor */,
				265CD5FD1CBED33D007120AB /* Peripheral */,
				265CD5FC1CBED339007120AB /* Service */,
				265CD5FB1CBED333007120AB /* Characteristic */,
				265CD5FA1CBED323007120AB /* Shared */,
				265CD5F91CBED2E4007120AB /* BluetoothManager */,
			);
			path = Source;
			sourceTree = "<group>";
		};
		A1299C8D1CBE433B005DEA5B /* Frameworks */ = {
			isa = PBXGroup;
			children = (
				2666FE5D1CCE65D1005E81CE /* macOS */,
				2666FE591CCE65A9005E81CE /* iOS */,
			);
			name = Frameworks;
			path = RxBluetoothKit;
			sourceTree = "<group>";
		};
/* End PBXGroup section */

/* Begin PBXHeadersBuildPhase section */
		2666FD811CCE457C005E81CE /* Headers */ = {
			isa = PBXHeadersBuildPhase;
			buildActionMask = 2147483647;
			files = (
			);
			runOnlyForDeploymentPostprocessing = 0;
		};
		2666FD9C1CCE45DD005E81CE /* Headers */ = {
			isa = PBXHeadersBuildPhase;
			buildActionMask = 2147483647;
			files = (
				2666FD9D1CCE45E3005E81CE /* RxBluetoothKit.h in Headers */,
			);
			runOnlyForDeploymentPostprocessing = 0;
		};
		2666FDA01CCE4626005E81CE /* Headers */ = {
			isa = PBXHeadersBuildPhase;
			buildActionMask = 2147483647;
			files = (
			);
			runOnlyForDeploymentPostprocessing = 0;
		};
/* End PBXHeadersBuildPhase section */

/* Begin PBXNativeTarget section */
		2666FD831CCE457C005E81CE /* RxBluetoothKit iOS */ = {
			isa = PBXNativeTarget;
			buildConfigurationList = 2666FD951CCE457C005E81CE /* Build configuration list for PBXNativeTarget "RxBluetoothKit iOS" */;
			buildPhases = (
				2666FD7F1CCE457C005E81CE /* Sources */,
				2666FD801CCE457C005E81CE /* Frameworks */,
				2666FD811CCE457C005E81CE /* Headers */,
				2666FD821CCE457C005E81CE /* Resources */,
				26A66F951E263E8C00E62D8C /* ShellScript */,
			);
			buildRules = (
			);
			dependencies = (
			);
			name = "RxBluetoothKit iOS";
			productName = "RxBluetoothKit iOS";
			productReference = 2666FD841CCE457C005E81CE /* RxBluetoothKit.framework */;
			productType = "com.apple.product-type.framework";
		};
		2666FD8C1CCE457C005E81CE /* RxBluetoothKit iOSTests */ = {
			isa = PBXNativeTarget;
			buildConfigurationList = 2666FD981CCE457C005E81CE /* Build configuration list for PBXNativeTarget "RxBluetoothKit iOSTests" */;
			buildPhases = (
				2666FD891CCE457C005E81CE /* Sources */,
				2666FD8A1CCE457C005E81CE /* Frameworks */,
				A10F29801CDCD63100593284 /* Copy Frameworks */,
				2666FD8B1CCE457C005E81CE /* Resources */,
				2666FD9C1CCE45DD005E81CE /* Headers */,
			);
			buildRules = (
			);
			dependencies = (
				2666FD901CCE457C005E81CE /* PBXTargetDependency */,
			);
			name = "RxBluetoothKit iOSTests";
			productName = "RxBluetoothKit iOSTests";
			productReference = 2666FD8D1CCE457C005E81CE /* RxBluetoothKit iOSTests.xctest */;
			productType = "com.apple.product-type.bundle.unit-test";
		};
		2666FDA21CCE4626005E81CE /* RxBluetoothKit macOS */ = {
			isa = PBXNativeTarget;
			buildConfigurationList = 2666FDB41CCE4626005E81CE /* Build configuration list for PBXNativeTarget "RxBluetoothKit macOS" */;
			buildPhases = (
				2666FD9E1CCE4626005E81CE /* Sources */,
				2666FD9F1CCE4626005E81CE /* Frameworks */,
				2666FDA01CCE4626005E81CE /* Headers */,
				2666FDA11CCE4626005E81CE /* Resources */,
			);
			buildRules = (
			);
			dependencies = (
			);
			name = "RxBluetoothKit macOS";
			productName = "RxBluetoothKit OSX";
			productReference = 2666FDA31CCE4626005E81CE /* RxBluetoothKit.framework */;
			productType = "com.apple.product-type.framework";
		};
		2666FDAB1CCE4626005E81CE /* RxBluetoothKit macOSTests */ = {
			isa = PBXNativeTarget;
			buildConfigurationList = 2666FDB71CCE4626005E81CE /* Build configuration list for PBXNativeTarget "RxBluetoothKit macOSTests" */;
			buildPhases = (
				2666FDA81CCE4626005E81CE /* Sources */,
				2666FDA91CCE4626005E81CE /* Frameworks */,
				2666FDAA1CCE4626005E81CE /* Resources */,
				A10F29851CDCD6B200593284 /* CopyFiles */,
			);
			buildRules = (
			);
			dependencies = (
				2666FDAF1CCE4626005E81CE /* PBXTargetDependency */,
			);
			name = "RxBluetoothKit macOSTests";
			productName = "RxBluetoothKit OSXTests";
			productReference = 2666FDAC1CCE4626005E81CE /* RxBluetoothKit macOSTests.xctest */;
			productType = "com.apple.product-type.bundle.unit-test";
		};
/* End PBXNativeTarget section */

/* Begin PBXProject section */
		A1299BB41CBE3D52005DEA5B /* Project object */ = {
			isa = PBXProject;
			attributes = {
				LastSwiftUpdateCheck = 0730;
				LastUpgradeCheck = 0800;
				ORGANIZATIONNAME = Polidea;
				TargetAttributes = {
					2666FD831CCE457C005E81CE = {
						CreatedOnToolsVersion = 7.3;
						LastSwiftMigration = 0800;
					};
					2666FD8C1CCE457C005E81CE = {
						CreatedOnToolsVersion = 7.3;
						LastSwiftMigration = 0800;
					};
					2666FDA21CCE4626005E81CE = {
						CreatedOnToolsVersion = 7.3;
					};
					2666FDAB1CCE4626005E81CE = {
						CreatedOnToolsVersion = 7.3;
					};
				};
			};
			buildConfigurationList = A1299BB71CBE3D52005DEA5B /* Build configuration list for PBXProject "RxBluetoothKit" */;
			compatibilityVersion = "Xcode 3.2";
			developmentRegion = English;
			hasScannedForEncodings = 0;
			knownRegions = (
				en,
			);
			mainGroup = A1299BB31CBE3D52005DEA5B;
			productRefGroup = A1299BBE1CBE3D52005DEA5B /* Products */;
			projectDirPath = "";
			projectRoot = "";
			targets = (
				2666FD831CCE457C005E81CE /* RxBluetoothKit iOS */,
				2666FD8C1CCE457C005E81CE /* RxBluetoothKit iOSTests */,
				2666FDA21CCE4626005E81CE /* RxBluetoothKit macOS */,
				2666FDAB1CCE4626005E81CE /* RxBluetoothKit macOSTests */,
			);
		};
/* End PBXProject section */

/* Begin PBXResourcesBuildPhase section */
		2666FD821CCE457C005E81CE /* Resources */ = {
			isa = PBXResourcesBuildPhase;
			buildActionMask = 2147483647;
			files = (
			);
			runOnlyForDeploymentPostprocessing = 0;
		};
		2666FD8B1CCE457C005E81CE /* Resources */ = {
			isa = PBXResourcesBuildPhase;
			buildActionMask = 2147483647;
			files = (
			);
			runOnlyForDeploymentPostprocessing = 0;
		};
		2666FDA11CCE4626005E81CE /* Resources */ = {
			isa = PBXResourcesBuildPhase;
			buildActionMask = 2147483647;
			files = (
			);
			runOnlyForDeploymentPostprocessing = 0;
		};
		2666FDAA1CCE4626005E81CE /* Resources */ = {
			isa = PBXResourcesBuildPhase;
			buildActionMask = 2147483647;
			files = (
			);
			runOnlyForDeploymentPostprocessing = 0;
		};
/* End PBXResourcesBuildPhase section */

/* Begin PBXShellScriptBuildPhase section */
		26A66F951E263E8C00E62D8C /* ShellScript */ = {
			isa = PBXShellScriptBuildPhase;
			buildActionMask = 2147483647;
			files = (
			);
			inputPaths = (
			);
			outputPaths = (
			);
			runOnlyForDeploymentPostprocessing = 0;
			shellPath = /bin/sh;
			shellScript = "if which swiftlint >/dev/null; then\nswiftlint\nelse\necho \"warning: SwiftLint not installed, download from https://github.com/realm/SwiftLint\"\nfi";
		};
/* End PBXShellScriptBuildPhase section */

/* Begin PBXSourcesBuildPhase section */
		2666FD7F1CCE457C005E81CE /* Sources */ = {
			isa = PBXSourcesBuildPhase;
			buildActionMask = 2147483647;
			files = (
				2666FE3F1CCE4732005E81CE /* Observable+QueueSubscribeOn.swift in Sources */,
				2666FE491CCE4732005E81CE /* BluetoothManager.swift in Sources */,
				2666FE401CCE4732005E81CE /* Unimplemented.swift in Sources */,
				2666FE3B1CCE4732005E81CE /* RxCBService.swift in Sources */,
				2666FE371CCE4732005E81CE /* DeviceIdentifiers.swift in Sources */,
				26EF38C91D86EE1F00F9F468 /* BluetoothState.swift in Sources */,
				2666FE471CCE4732005E81CE /* RxCentralManagerType.swift in Sources */,
				2666FE301CCE4732005E81CE /* RxDescriptorType.swift in Sources */,
				2666FE461CCE4732005E81CE /* ScanOperation.swift in Sources */,
				2666FE3D1CCE4732005E81CE /* RxCBCharacteristic.swift in Sources */,
				2666FE3C1CCE4732005E81CE /* RxCharacteristicType.swift in Sources */,
				2666FE351CCE4732005E81CE /* Peripheral.swift in Sources */,
				2666FE331CCE4732005E81CE /* RxPeripheralType.swift in Sources */,
				2666FE441CCE4732005E81CE /* Boxes.swift in Sources */,
				2666FE311CCE4732005E81CE /* RxCBDescriptor.swift in Sources */,
				2666FE361CCE4732005E81CE /* RxCBPeripheral.swift in Sources */,
				2666FE381CCE4732005E81CE /* Peripheral+Convenience.swift in Sources */,
				2666FE391CCE4732005E81CE /* RxServiceType.swift in Sources */,
				2666FE3A1CCE4732005E81CE /* Service.swift in Sources */,
				2666FE451CCE4732005E81CE /* BluetoothError.swift in Sources */,
				2666FE3E1CCE4732005E81CE /* Characteristic.swift in Sources */,
				2666FE481CCE4732005E81CE /* RxCBCentralManager.swift in Sources */,
				2666FE321CCE4732005E81CE /* Descriptor.swift in Sources */,
				2666FE4A1CCE4732005E81CE /* AdvertisementData.swift in Sources */,
				2666FE421CCE4732005E81CE /* Observable+Absorb.swift in Sources */,
				2666FE341CCE4732005E81CE /* ScannedPeripheral.swift in Sources */,
				26F3034B1CF0D49D00D74EBF /* RestoredState.swift in Sources */,
			);
			runOnlyForDeploymentPostprocessing = 0;
		};
		2666FD891CCE457C005E81CE /* Sources */ = {
			isa = PBXSourcesBuildPhase;
			buildActionMask = 2147483647;
			files = (
				2666FDDE1CCE46E2005E81CE /* Utilities.swift in Sources */,
				2666FDEC1CCE470B005E81CE /* FakePeripheral.swift in Sources */,
				2666FDF91CCE4710005E81CE /* PeripheralSpec+Services.swift in Sources */,
				2666FDF61CCE4710005E81CE /* BluetoothManagerSpec.swift in Sources */,
				2666FDF71CCE4710005E81CE /* BluetoothManagerSpec+Scanning.swift in Sources */,
				2666FDEA1CCE470B005E81CE /* FakeCharacteristic.swift in Sources */,
				2666FDED1CCE470B005E81CE /* FakeService.swift in Sources */,
				2666FDEB1CCE470B005E81CE /* FakeDescriptor.swift in Sources */,
				2666FDE91CCE470B005E81CE /* FakeCentralManager.swift in Sources */,
				2666FDF81CCE4710005E81CE /* PeripheralSpec+Characteristics.swift in Sources */,
				2666FDDD1CCE46E2005E81CE /* ObservableSpec+QueueSubscribeOn.swift in Sources */,
			);
			runOnlyForDeploymentPostprocessing = 0;
		};
		2666FD9E1CCE4626005E81CE /* Sources */ = {
			isa = PBXSourcesBuildPhase;
			buildActionMask = 2147483647;
			files = (
				2666FE241CCE4731005E81CE /* Observable+QueueSubscribeOn.swift in Sources */,
				2666FE2E1CCE4731005E81CE /* BluetoothManager.swift in Sources */,
				2666FE251CCE4731005E81CE /* Unimplemented.swift in Sources */,
				2666FE201CCE4731005E81CE /* RxCBService.swift in Sources */,
				2666FE1C1CCE4731005E81CE /* DeviceIdentifiers.swift in Sources */,
				2666FE2C1CCE4731005E81CE /* RxCentralManagerType.swift in Sources */,
				2666FE151CCE4731005E81CE /* RxDescriptorType.swift in Sources */,
				2666FE2B1CCE4731005E81CE /* ScanOperation.swift in Sources */,
				2666FE221CCE4731005E81CE /* RxCBCharacteristic.swift in Sources */,
				2666FE211CCE4731005E81CE /* RxCharacteristicType.swift in Sources */,
				2666FE1A1CCE4731005E81CE /* Peripheral.swift in Sources */,
				2666FE181CCE4731005E81CE /* RxPeripheralType.swift in Sources */,
				2666FE291CCE4731005E81CE /* Boxes.swift in Sources */,
				2666FE161CCE4731005E81CE /* RxCBDescriptor.swift in Sources */,
				2666FE1B1CCE4731005E81CE /* RxCBPeripheral.swift in Sources */,
				2666FE1D1CCE4731005E81CE /* Peripheral+Convenience.swift in Sources */,
				2666FE1E1CCE4731005E81CE /* RxServiceType.swift in Sources */,
				26752FA61D89C630003D8D38 /* BluetoothState.swift in Sources */,
				2666FE1F1CCE4731005E81CE /* Service.swift in Sources */,
				2666FE2A1CCE4731005E81CE /* BluetoothError.swift in Sources */,
				2666FE231CCE4731005E81CE /* Characteristic.swift in Sources */,
				2666FE2D1CCE4731005E81CE /* RxCBCentralManager.swift in Sources */,
				2666FE171CCE4731005E81CE /* Descriptor.swift in Sources */,
				2666FE2F1CCE4731005E81CE /* AdvertisementData.swift in Sources */,
				2666FE271CCE4731005E81CE /* Observable+Absorb.swift in Sources */,
				2666FE191CCE4731005E81CE /* ScannedPeripheral.swift in Sources */,
			);
			runOnlyForDeploymentPostprocessing = 0;
		};
		2666FDA81CCE4626005E81CE /* Sources */ = {
			isa = PBXSourcesBuildPhase;
			buildActionMask = 2147483647;
			files = (
				2666FDD81CCE46E1005E81CE /* Utilities.swift in Sources */,
				2666FDE71CCE470A005E81CE /* FakePeripheral.swift in Sources */,
				2666FDF51CCE470F005E81CE /* PeripheralSpec+Services.swift in Sources */,
				2666FDF21CCE470F005E81CE /* BluetoothManagerSpec.swift in Sources */,
				2666FDF31CCE470F005E81CE /* BluetoothManagerSpec+Scanning.swift in Sources */,
				2666FDE51CCE470A005E81CE /* FakeCharacteristic.swift in Sources */,
				2666FDE81CCE470A005E81CE /* FakeService.swift in Sources */,
				2666FDE61CCE470A005E81CE /* FakeDescriptor.swift in Sources */,
				2666FDE41CCE470A005E81CE /* FakeCentralManager.swift in Sources */,
				2666FDF41CCE470F005E81CE /* PeripheralSpec+Characteristics.swift in Sources */,
				2666FDD71CCE46E1005E81CE /* ObservableSpec+QueueSubscribeOn.swift in Sources */,
			);
			runOnlyForDeploymentPostprocessing = 0;
		};
/* End PBXSourcesBuildPhase section */

/* Begin PBXTargetDependency section */
		2666FD901CCE457C005E81CE /* PBXTargetDependency */ = {
			isa = PBXTargetDependency;
			target = 2666FD831CCE457C005E81CE /* RxBluetoothKit iOS */;
			targetProxy = 2666FD8F1CCE457C005E81CE /* PBXContainerItemProxy */;
		};
		2666FDAF1CCE4626005E81CE /* PBXTargetDependency */ = {
			isa = PBXTargetDependency;
			target = 2666FDA21CCE4626005E81CE /* RxBluetoothKit macOS */;
			targetProxy = 2666FDAE1CCE4626005E81CE /* PBXContainerItemProxy */;
		};
/* End PBXTargetDependency section */

/* Begin XCBuildConfiguration section */
		2666FD961CCE457C005E81CE /* Debug */ = {
			isa = XCBuildConfiguration;
			buildSettings = {
				APPLICATION_EXTENSION_API_ONLY = YES;
				CODE_SIGN_IDENTITY = "iPhone Developer";
				"CODE_SIGN_IDENTITY[sdk=iphoneos*]" = "";
				DEFINES_MODULE = YES;
				DYLIB_COMPATIBILITY_VERSION = 1;
				DYLIB_CURRENT_VERSION = 1;
				DYLIB_INSTALL_NAME_BASE = "@rpath";
				FRAMEWORK_SEARCH_PATHS = (
					"$(inherited)",
					"$(PROJECT_DIR)/Carthage/Build/iOS",
					"$(PROJECT_DIR)/Carthage/Build/Mac",
				);
				INFOPLIST_FILE = Source/Info.plist;
				INSTALL_PATH = "$(LOCAL_LIBRARY_DIR)/Frameworks";
				IPHONEOS_DEPLOYMENT_TARGET = 8.0;
				LD_RUNPATH_SEARCH_PATHS = "$(inherited) @executable_path/Frameworks @loader_path/Frameworks";
				PRODUCT_BUNDLE_IDENTIFIER = "com.polidea.RxBluetoothKit-iOS";
				PRODUCT_NAME = RxBluetoothKit;
				SKIP_INSTALL = YES;
				SWIFT_VERSION = 3.0;
			};
			name = Debug;
		};
		2666FD971CCE457C005E81CE /* Release */ = {
			isa = XCBuildConfiguration;
			buildSettings = {
				APPLICATION_EXTENSION_API_ONLY = YES;
				CODE_SIGN_IDENTITY = "iPhone Developer";
				"CODE_SIGN_IDENTITY[sdk=iphoneos*]" = "";
				DEFINES_MODULE = YES;
				DYLIB_COMPATIBILITY_VERSION = 1;
				DYLIB_CURRENT_VERSION = 1;
				DYLIB_INSTALL_NAME_BASE = "@rpath";
				FRAMEWORK_SEARCH_PATHS = (
					"$(inherited)",
					"$(PROJECT_DIR)/Carthage/Build/iOS",
					"$(PROJECT_DIR)/Carthage/Build/Mac",
				);
				INFOPLIST_FILE = Source/Info.plist;
				INSTALL_PATH = "$(LOCAL_LIBRARY_DIR)/Frameworks";
				IPHONEOS_DEPLOYMENT_TARGET = 8.0;
				LD_RUNPATH_SEARCH_PATHS = "$(inherited) @executable_path/Frameworks @loader_path/Frameworks";
				PRODUCT_BUNDLE_IDENTIFIER = "com.polidea.RxBluetoothKit-iOS";
				PRODUCT_NAME = RxBluetoothKit;
				SKIP_INSTALL = YES;
				SWIFT_VERSION = 3.0;
			};
			name = Release;
		};
		2666FD991CCE457C005E81CE /* Debug */ = {
			isa = XCBuildConfiguration;
			buildSettings = {
				FRAMEWORK_SEARCH_PATHS = (
					"$(inherited)",
					"$(PROJECT_DIR)/Carthage/Build/iOS",
				);
				INFOPLIST_FILE = Tests/Info.plist;
				IPHONEOS_DEPLOYMENT_TARGET = 8.0;
				LD_RUNPATH_SEARCH_PATHS = "$(inherited) @executable_path/Frameworks @loader_path/Frameworks $(FRAMEWORK_SEARCH_PATHS)";
				PRODUCT_BUNDLE_IDENTIFIER = "com.polidea.RxBluetoothKit-iOSTests";
				PRODUCT_NAME = "$(TARGET_NAME)";
				SWIFT_VERSION = 3.0;
			};
			name = Debug;
		};
		2666FD9A1CCE457C005E81CE /* Release */ = {
			isa = XCBuildConfiguration;
			buildSettings = {
				FRAMEWORK_SEARCH_PATHS = (
					"$(inherited)",
					"$(PROJECT_DIR)/Carthage/Build/iOS",
				);
				INFOPLIST_FILE = Tests/Info.plist;
				IPHONEOS_DEPLOYMENT_TARGET = 8.0;
				LD_RUNPATH_SEARCH_PATHS = "$(inherited) @executable_path/Frameworks @loader_path/Frameworks $(FRAMEWORK_SEARCH_PATHS)";
				PRODUCT_BUNDLE_IDENTIFIER = "com.polidea.RxBluetoothKit-iOSTests";
				PRODUCT_NAME = "$(TARGET_NAME)";
				SWIFT_VERSION = 3.0;
			};
			name = Release;
		};
		2666FDB51CCE4626005E81CE /* Debug */ = {
			isa = XCBuildConfiguration;
			buildSettings = {
				APPLICATION_EXTENSION_API_ONLY = YES;
				CODE_SIGN_IDENTITY = "";
				COMBINE_HIDPI_IMAGES = YES;
				DEFINES_MODULE = YES;
				DYLIB_COMPATIBILITY_VERSION = 1;
				DYLIB_CURRENT_VERSION = 1;
				DYLIB_INSTALL_NAME_BASE = "@rpath";
				FRAMEWORK_SEARCH_PATHS = (
					"$(inherited)",
					"$(PROJECT_DIR)/Carthage/Build/Mac",
				);
				FRAMEWORK_VERSION = A;
				INFOPLIST_FILE = Source/Info.plist;
				INSTALL_PATH = "$(LOCAL_LIBRARY_DIR)/Frameworks";
				LD_RUNPATH_SEARCH_PATHS = "$(inherited) @executable_path/../Frameworks @loader_path/Frameworks";
				MACOSX_DEPLOYMENT_TARGET = 10.10;
				PRODUCT_BUNDLE_IDENTIFIER = "com.polidea.RxBluetoothKit-OSX";
				PRODUCT_NAME = RxBluetoothKit;
				SDKROOT = macosx;
				SKIP_INSTALL = YES;
			};
			name = Debug;
		};
		2666FDB61CCE4626005E81CE /* Release */ = {
			isa = XCBuildConfiguration;
			buildSettings = {
				APPLICATION_EXTENSION_API_ONLY = YES;
				CODE_SIGN_IDENTITY = "";
				COMBINE_HIDPI_IMAGES = YES;
				DEFINES_MODULE = YES;
				DYLIB_COMPATIBILITY_VERSION = 1;
				DYLIB_CURRENT_VERSION = 1;
				DYLIB_INSTALL_NAME_BASE = "@rpath";
				FRAMEWORK_SEARCH_PATHS = (
					"$(inherited)",
					"$(PROJECT_DIR)/Carthage/Build/Mac",
				);
				FRAMEWORK_VERSION = A;
				INFOPLIST_FILE = Source/Info.plist;
				INSTALL_PATH = "$(LOCAL_LIBRARY_DIR)/Frameworks";
				LD_RUNPATH_SEARCH_PATHS = "$(inherited) @executable_path/../Frameworks @loader_path/Frameworks";
				MACOSX_DEPLOYMENT_TARGET = 10.10;
				PRODUCT_BUNDLE_IDENTIFIER = "com.polidea.RxBluetoothKit-OSX";
				PRODUCT_NAME = RxBluetoothKit;
				SDKROOT = macosx;
				SKIP_INSTALL = YES;
			};
			name = Release;
		};
		2666FDB81CCE4626005E81CE /* Debug */ = {
			isa = XCBuildConfiguration;
			buildSettings = {
				CODE_SIGN_IDENTITY = "-";
				COMBINE_HIDPI_IMAGES = YES;
				FRAMEWORK_SEARCH_PATHS = (
					"$(inherited)",
					"$(PROJECT_DIR)/Carthage/Build/Mac",
				);
				INFOPLIST_FILE = Tests/Info.plist;
				LD_RUNPATH_SEARCH_PATHS = "$(inherited) @executable_path/../Frameworks @loader_path/../Frameworks $(FRAMEWORK_SEARCH_PATHS)";
				MACOSX_DEPLOYMENT_TARGET = 10.11;
				PRODUCT_BUNDLE_IDENTIFIER = "com.polidea.RxBluetoothKit-OSXTests";
				PRODUCT_NAME = "$(TARGET_NAME)";
				SDKROOT = macosx;
			};
			name = Debug;
		};
		2666FDB91CCE4626005E81CE /* Release */ = {
			isa = XCBuildConfiguration;
			buildSettings = {
				CODE_SIGN_IDENTITY = "-";
				COMBINE_HIDPI_IMAGES = YES;
				FRAMEWORK_SEARCH_PATHS = (
					"$(inherited)",
					"$(PROJECT_DIR)/Carthage/Build/Mac",
				);
				INFOPLIST_FILE = Tests/Info.plist;
				LD_RUNPATH_SEARCH_PATHS = "$(inherited) @executable_path/../Frameworks @loader_path/../Frameworks $(FRAMEWORK_SEARCH_PATHS)";
				MACOSX_DEPLOYMENT_TARGET = 10.11;
				PRODUCT_BUNDLE_IDENTIFIER = "com.polidea.RxBluetoothKit-OSXTests";
				PRODUCT_NAME = "$(TARGET_NAME)";
				SDKROOT = macosx;
			};
			name = Release;
		};
		A1299BCF1CBE3D52005DEA5B /* Debug */ = {
			isa = XCBuildConfiguration;
			buildSettings = {
				ALWAYS_SEARCH_USER_PATHS = NO;
				CLANG_ANALYZER_NONNULL = YES;
				CLANG_CXX_LANGUAGE_STANDARD = "gnu++0x";
				CLANG_CXX_LIBRARY = "libc++";
				CLANG_ENABLE_MODULES = YES;
				CLANG_ENABLE_OBJC_ARC = YES;
				CLANG_WARN_BOOL_CONVERSION = YES;
				CLANG_WARN_CONSTANT_CONVERSION = YES;
				CLANG_WARN_DIRECT_OBJC_ISA_USAGE = YES_ERROR;
				CLANG_WARN_EMPTY_BODY = YES;
				CLANG_WARN_ENUM_CONVERSION = YES;
				CLANG_WARN_INFINITE_RECURSION = YES;
				CLANG_WARN_INT_CONVERSION = YES;
				CLANG_WARN_OBJC_ROOT_CLASS = YES_ERROR;
				CLANG_WARN_SUSPICIOUS_MOVE = YES;
				CLANG_WARN_UNREACHABLE_CODE = YES;
				CLANG_WARN__DUPLICATE_METHOD_MATCH = YES;
				"CODE_SIGN_IDENTITY[sdk=iphoneos*]" = "iPhone Developer";
				COPY_PHASE_STRIP = NO;
				CURRENT_PROJECT_VERSION = 1;
				DEBUG_INFORMATION_FORMAT = dwarf;
				DEFINES_MODULE = YES;
				ENABLE_STRICT_OBJC_MSGSEND = YES;
				ENABLE_TESTABILITY = YES;
				GCC_C_LANGUAGE_STANDARD = gnu99;
				GCC_DYNAMIC_NO_PIC = NO;
				GCC_NO_COMMON_BLOCKS = YES;
				GCC_OPTIMIZATION_LEVEL = 0;
				GCC_PREPROCESSOR_DEFINITIONS = (
					"DEBUG=1",
					"$(inherited)",
				);
				GCC_WARN_64_TO_32_BIT_CONVERSION = YES;
				GCC_WARN_ABOUT_RETURN_TYPE = YES_ERROR;
				GCC_WARN_UNDECLARED_SELECTOR = YES;
				GCC_WARN_UNINITIALIZED_AUTOS = YES_AGGRESSIVE;
				GCC_WARN_UNUSED_FUNCTION = YES;
				GCC_WARN_UNUSED_VARIABLE = YES;
				IPHONEOS_DEPLOYMENT_TARGET = 10.0;
				MTL_ENABLE_DEBUG_INFO = YES;
				ONLY_ACTIVE_ARCH = YES;
				SDKROOT = iphoneos;
				SWIFT_OPTIMIZATION_LEVEL = "-Onone";
				SWIFT_VERSION = 3.0;
				TARGETED_DEVICE_FAMILY = "1,2";
				VERSIONING_SYSTEM = "apple-generic";
				VERSION_INFO_PREFIX = "";
			};
			name = Debug;
		};
		A1299BD01CBE3D52005DEA5B /* Release */ = {
			isa = XCBuildConfiguration;
			buildSettings = {
				ALWAYS_SEARCH_USER_PATHS = NO;
				CLANG_ANALYZER_NONNULL = YES;
				CLANG_CXX_LANGUAGE_STANDARD = "gnu++0x";
				CLANG_CXX_LIBRARY = "libc++";
				CLANG_ENABLE_MODULES = YES;
				CLANG_ENABLE_OBJC_ARC = YES;
				CLANG_WARN_BOOL_CONVERSION = YES;
				CLANG_WARN_CONSTANT_CONVERSION = YES;
				CLANG_WARN_DIRECT_OBJC_ISA_USAGE = YES_ERROR;
				CLANG_WARN_EMPTY_BODY = YES;
				CLANG_WARN_ENUM_CONVERSION = YES;
				CLANG_WARN_INFINITE_RECURSION = YES;
				CLANG_WARN_INT_CONVERSION = YES;
				CLANG_WARN_OBJC_ROOT_CLASS = YES_ERROR;
				CLANG_WARN_SUSPICIOUS_MOVE = YES;
				CLANG_WARN_UNREACHABLE_CODE = YES;
				CLANG_WARN__DUPLICATE_METHOD_MATCH = YES;
				"CODE_SIGN_IDENTITY[sdk=iphoneos*]" = "iPhone Developer";
				COPY_PHASE_STRIP = NO;
				CURRENT_PROJECT_VERSION = 1;
				DEBUG_INFORMATION_FORMAT = "dwarf-with-dsym";
				DEFINES_MODULE = YES;
				ENABLE_NS_ASSERTIONS = NO;
				ENABLE_STRICT_OBJC_MSGSEND = YES;
				GCC_C_LANGUAGE_STANDARD = gnu99;
				GCC_NO_COMMON_BLOCKS = YES;
				GCC_WARN_64_TO_32_BIT_CONVERSION = YES;
				GCC_WARN_ABOUT_RETURN_TYPE = YES_ERROR;
				GCC_WARN_UNDECLARED_SELECTOR = YES;
				GCC_WARN_UNINITIALIZED_AUTOS = YES_AGGRESSIVE;
				GCC_WARN_UNUSED_FUNCTION = YES;
				GCC_WARN_UNUSED_VARIABLE = YES;
				IPHONEOS_DEPLOYMENT_TARGET = 10.0;
				MTL_ENABLE_DEBUG_INFO = NO;
				SDKROOT = iphoneos;
				SWIFT_OPTIMIZATION_LEVEL = "-Owholemodule";
				SWIFT_VERSION = 3.0;
				TARGETED_DEVICE_FAMILY = "1,2";
				VALIDATE_PRODUCT = YES;
				VERSIONING_SYSTEM = "apple-generic";
				VERSION_INFO_PREFIX = "";
			};
			name = Release;
		};
/* End XCBuildConfiguration section */

/* Begin XCConfigurationList section */
		2666FD951CCE457C005E81CE /* Build configuration list for PBXNativeTarget "RxBluetoothKit iOS" */ = {
			isa = XCConfigurationList;
			buildConfigurations = (
				2666FD961CCE457C005E81CE /* Debug */,
				2666FD971CCE457C005E81CE /* Release */,
			);
			defaultConfigurationIsVisible = 0;
			defaultConfigurationName = Release;
		};
		2666FD981CCE457C005E81CE /* Build configuration list for PBXNativeTarget "RxBluetoothKit iOSTests" */ = {
			isa = XCConfigurationList;
			buildConfigurations = (
				2666FD991CCE457C005E81CE /* Debug */,
				2666FD9A1CCE457C005E81CE /* Release */,
			);
			defaultConfigurationIsVisible = 0;
			defaultConfigurationName = Release;
		};
		2666FDB41CCE4626005E81CE /* Build configuration list for PBXNativeTarget "RxBluetoothKit macOS" */ = {
			isa = XCConfigurationList;
			buildConfigurations = (
				2666FDB51CCE4626005E81CE /* Debug */,
				2666FDB61CCE4626005E81CE /* Release */,
			);
			defaultConfigurationIsVisible = 0;
			defaultConfigurationName = Release;
		};
		2666FDB71CCE4626005E81CE /* Build configuration list for PBXNativeTarget "RxBluetoothKit macOSTests" */ = {
			isa = XCConfigurationList;
			buildConfigurations = (
				2666FDB81CCE4626005E81CE /* Debug */,
				2666FDB91CCE4626005E81CE /* Release */,
			);
			defaultConfigurationIsVisible = 0;
			defaultConfigurationName = Release;
		};
		A1299BB71CBE3D52005DEA5B /* Build configuration list for PBXProject "RxBluetoothKit" */ = {
			isa = XCConfigurationList;
			buildConfigurations = (
				A1299BCF1CBE3D52005DEA5B /* Debug */,
				A1299BD01CBE3D52005DEA5B /* Release */,
			);
			defaultConfigurationIsVisible = 0;
			defaultConfigurationName = Release;
		};
/* End XCConfigurationList section */
	};
	rootObject = A1299BB41CBE3D52005DEA5B /* Project object */;
}
