// !$*UTF8*$!
{
	archiveVersion = 1;
	classes = {
	};
	objectVersion = 46;
	objects = {

/* Begin PBXBuildFile section */
		265CD6011CBFE421007120AB /* CharacteristicsController.swift in Sources */ = {isa = PBXBuildFile; fileRef = 265CD6001CBFE421007120AB /* CharacteristicsController.swift */; };
		265CD6031CBFE42D007120AB /* CharacteristicTableViewCell.swift in Sources */ = {isa = PBXBuildFile; fileRef = 265CD6021CBFE42D007120AB /* CharacteristicTableViewCell.swift */; };
		2672849F1CC6695F007C0DE2 /* NSDataUtilities.swift in Sources */ = {isa = PBXBuildFile; fileRef = 2672849E1CC6695F007C0DE2 /* NSDataUtilities.swift */; };
		26CE004D1CBE71600072B0AA /* ServiceTableViewCell.swift in Sources */ = {isa = PBXBuildFile; fileRef = 26CE004C1CBE71600072B0AA /* ServiceTableViewCell.swift */; };
		26EE726B1DA240CD00DB4F23 /* SplitViewController.swift in Sources */ = {isa = PBXBuildFile; fileRef = 26EE726A1DA240CD00DB4F23 /* SplitViewController.swift */; };
		A1299C6C1CBE41C5005DEA5B /* Assets.xcassets in Resources */ = {isa = PBXBuildFile; fileRef = A1299C6B1CBE41C5005DEA5B /* Assets.xcassets */; };
		A1299C6F1CBE41C5005DEA5B /* LaunchScreen.storyboard in Resources */ = {isa = PBXBuildFile; fileRef = A1299C6D1CBE41C5005DEA5B /* LaunchScreen.storyboard */; };
		A1299C771CBE426A005DEA5B /* Main.storyboard in Resources */ = {isa = PBXBuildFile; fileRef = A1299C761CBE426A005DEA5B /* Main.storyboard */; };
		A1299C791CBE427E005DEA5B /* AppDelegate.swift in Sources */ = {isa = PBXBuildFile; fileRef = A1299C781CBE427E005DEA5B /* AppDelegate.swift */; };
		A1299C7D1CBE4295005DEA5B /* ScansTableViewController.swift in Sources */ = {isa = PBXBuildFile; fileRef = A1299C7B1CBE4295005DEA5B /* ScansTableViewController.swift */; };
		A1299C7E1CBE4295005DEA5B /* ScannedPeripheralCell.swift in Sources */ = {isa = PBXBuildFile; fileRef = A1299C7C1CBE4295005DEA5B /* ScannedPeripheralCell.swift */; };
		A1299C811CBE42AA005DEA5B /* PeripheralServicesViewController.swift in Sources */ = {isa = PBXBuildFile; fileRef = A1299C801CBE42AA005DEA5B /* PeripheralServicesViewController.swift */; };
		EBF95138405580A56FE7E4A4 /* Pods_Example.framework in Frameworks */ = {isa = PBXBuildFile; fileRef = C7C749AACE9CD514785C18CE /* Pods_Example.framework */; };
/* End PBXBuildFile section */

/* Begin PBXFileReference section */
		0E1242568DC6EBC77A838532 /* Pods-Example.debug.xcconfig */ = {isa = PBXFileReference; includeInIndex = 1; lastKnownFileType = text.xcconfig; name = "Pods-Example.debug.xcconfig"; path = "Pods/Target Support Files/Pods-Example/Pods-Example.debug.xcconfig"; sourceTree = "<group>"; };
		265CD6001CBFE421007120AB /* CharacteristicsController.swift */ = {isa = PBXFileReference; fileEncoding = 4; lastKnownFileType = sourcecode.swift; path = CharacteristicsController.swift; sourceTree = "<group>"; };
		265CD6021CBFE42D007120AB /* CharacteristicTableViewCell.swift */ = {isa = PBXFileReference; fileEncoding = 4; lastKnownFileType = sourcecode.swift; path = CharacteristicTableViewCell.swift; sourceTree = "<group>"; };
		2672849E1CC6695F007C0DE2 /* NSDataUtilities.swift */ = {isa = PBXFileReference; fileEncoding = 4; lastKnownFileType = sourcecode.swift; path = NSDataUtilities.swift; sourceTree = "<group>"; };
		26CE004C1CBE71600072B0AA /* ServiceTableViewCell.swift */ = {isa = PBXFileReference; fileEncoding = 4; lastKnownFileType = sourcecode.swift; path = ServiceTableViewCell.swift; sourceTree = "<group>"; };
		26EE726A1DA240CD00DB4F23 /* SplitViewController.swift */ = {isa = PBXFileReference; fileEncoding = 4; lastKnownFileType = sourcecode.swift; path = SplitViewController.swift; sourceTree = "<group>"; };
		A1299C611CBE41C5005DEA5B /* Example.app */ = {isa = PBXFileReference; explicitFileType = wrapper.application; includeInIndex = 0; path = Example.app; sourceTree = BUILT_PRODUCTS_DIR; };
		A1299C6B1CBE41C5005DEA5B /* Assets.xcassets */ = {isa = PBXFileReference; lastKnownFileType = folder.assetcatalog; path = Assets.xcassets; sourceTree = "<group>"; };
		A1299C6E1CBE41C5005DEA5B /* Base */ = {isa = PBXFileReference; lastKnownFileType = file.storyboard; name = Base; path = Base.lproj/LaunchScreen.storyboard; sourceTree = "<group>"; };
		A1299C701CBE41C5005DEA5B /* Info.plist */ = {isa = PBXFileReference; lastKnownFileType = text.plist.xml; path = Info.plist; sourceTree = "<group>"; };
		A1299C761CBE426A005DEA5B /* Main.storyboard */ = {isa = PBXFileReference; fileEncoding = 4; lastKnownFileType = file.storyboard; path = Main.storyboard; sourceTree = "<group>"; };
		A1299C781CBE427E005DEA5B /* AppDelegate.swift */ = {isa = PBXFileReference; fileEncoding = 4; lastKnownFileType = sourcecode.swift; path = AppDelegate.swift; sourceTree = "<group>"; };
		A1299C7B1CBE4295005DEA5B /* ScansTableViewController.swift */ = {isa = PBXFileReference; fileEncoding = 4; lastKnownFileType = sourcecode.swift; path = ScansTableViewController.swift; sourceTree = "<group>"; };
		A1299C7C1CBE4295005DEA5B /* ScannedPeripheralCell.swift */ = {isa = PBXFileReference; fileEncoding = 4; lastKnownFileType = sourcecode.swift; path = ScannedPeripheralCell.swift; sourceTree = "<group>"; };
		A1299C801CBE42AA005DEA5B /* PeripheralServicesViewController.swift */ = {isa = PBXFileReference; fileEncoding = 4; lastKnownFileType = sourcecode.swift; path = PeripheralServicesViewController.swift; sourceTree = "<group>"; };
		B4DAF7B5098A22F12280CB22 /* Pods-Example.release.xcconfig */ = {isa = PBXFileReference; includeInIndex = 1; lastKnownFileType = text.xcconfig; name = "Pods-Example.release.xcconfig"; path = "Pods/Target Support Files/Pods-Example/Pods-Example.release.xcconfig"; sourceTree = "<group>"; };
		C7C749AACE9CD514785C18CE /* Pods_Example.framework */ = {isa = PBXFileReference; explicitFileType = wrapper.framework; includeInIndex = 0; path = Pods_Example.framework; sourceTree = BUILT_PRODUCTS_DIR; };
/* End PBXFileReference section */

/* Begin PBXFrameworksBuildPhase section */
		A1299C5E1CBE41C5005DEA5B /* Frameworks */ = {
			isa = PBXFrameworksBuildPhase;
			buildActionMask = 2147483647;
			files = (
				EBF95138405580A56FE7E4A4 /* Pods_Example.framework in Frameworks */,
			);
			runOnlyForDeploymentPostprocessing = 0;
		};
/* End PBXFrameworksBuildPhase section */

/* Begin PBXGroup section */
		265CD5FF1CBFE339007120AB /* CharacteristicsTable */ = {
			isa = PBXGroup;
			children = (
				265CD6001CBFE421007120AB /* CharacteristicsController.swift */,
				265CD6021CBFE42D007120AB /* CharacteristicTableViewCell.swift */,
			);
			name = CharacteristicsTable;
			sourceTree = "<group>";
		};
		2672849D1CC6694E007C0DE2 /* NSData+Utilities */ = {
			isa = PBXGroup;
			children = (
				2672849E1CC6695F007C0DE2 /* NSDataUtilities.swift */,
			);
			name = "NSData+Utilities";
			sourceTree = "<group>";
		};
		26EE72691DA240C400DB4F23 /* SplitViewController */ = {
			isa = PBXGroup;
			children = (
				26EE726A1DA240CD00DB4F23 /* SplitViewController.swift */,
			);
			name = SplitViewController;
			sourceTree = "<group>";
		};
		7FCCA76BE11D1BB271DC7518 /* Frameworks */ = {
			isa = PBXGroup;
			children = (
				C7C749AACE9CD514785C18CE /* Pods_Example.framework */,
			);
			name = Frameworks;
			sourceTree = "<group>";
		};
		A1299C581CBE41C5005DEA5B = {
			isa = PBXGroup;
			children = (
				A1299C631CBE41C5005DEA5B /* Example */,
				A1299C621CBE41C5005DEA5B /* Products */,
				D3C6D7C9500423B18299F040 /* Pods */,
				7FCCA76BE11D1BB271DC7518 /* Frameworks */,
			);
			sourceTree = "<group>";
		};
		A1299C621CBE41C5005DEA5B /* Products */ = {
			isa = PBXGroup;
			children = (
				A1299C611CBE41C5005DEA5B /* Example.app */,
			);
			name = Products;
			sourceTree = "<group>";
		};
		A1299C631CBE41C5005DEA5B /* Example */ = {
			isa = PBXGroup;
			children = (
				26EE72691DA240C400DB4F23 /* SplitViewController */,
				2672849D1CC6694E007C0DE2 /* NSData+Utilities */,
				265CD5FF1CBFE339007120AB /* CharacteristicsTable */,
				A1299C821CBE42AE005DEA5B /* ServicesDetails */,
				A1299C7F1CBE429E005DEA5B /* PeripheralServices */,
				A1299C7A1CBE4289005DEA5B /* ScanTable */,
				A1299C781CBE427E005DEA5B /* AppDelegate.swift */,
				A1299C761CBE426A005DEA5B /* Main.storyboard */,
				A1299C6B1CBE41C5005DEA5B /* Assets.xcassets */,
				A1299C6D1CBE41C5005DEA5B /* LaunchScreen.storyboard */,
				A1299C701CBE41C5005DEA5B /* Info.plist */,
			);
			path = Example;
			sourceTree = "<group>";
		};
		A1299C7A1CBE4289005DEA5B /* ScanTable */ = {
			isa = PBXGroup;
			children = (
				A1299C7B1CBE4295005DEA5B /* ScansTableViewController.swift */,
				A1299C7C1CBE4295005DEA5B /* ScannedPeripheralCell.swift */,
			);
			name = ScanTable;
			sourceTree = "<group>";
		};
		A1299C7F1CBE429E005DEA5B /* PeripheralServices */ = {
			isa = PBXGroup;
			children = (
				A1299C801CBE42AA005DEA5B /* PeripheralServicesViewController.swift */,
				26CE004C1CBE71600072B0AA /* ServiceTableViewCell.swift */,
			);
			name = PeripheralServices;
			sourceTree = "<group>";
		};
		A1299C821CBE42AE005DEA5B /* ServicesDetails */ = {
			isa = PBXGroup;
			children = (
			);
			name = ServicesDetails;
			sourceTree = "<group>";
		};
		D3C6D7C9500423B18299F040 /* Pods */ = {
			isa = PBXGroup;
			children = (
				0E1242568DC6EBC77A838532 /* Pods-Example.debug.xcconfig */,
				B4DAF7B5098A22F12280CB22 /* Pods-Example.release.xcconfig */,
			);
			name = Pods;
			sourceTree = "<group>";
		};
/* End PBXGroup section */

/* Begin PBXNativeTarget section */
		A1299C601CBE41C5005DEA5B /* Example */ = {
			isa = PBXNativeTarget;
			buildConfigurationList = A1299C731CBE41C5005DEA5B /* Build configuration list for PBXNativeTarget "Example" */;
			buildPhases = (
				5BB20924261D292D6C4DE28A /* [CP] Check Pods Manifest.lock */,
				A1299C5D1CBE41C5005DEA5B /* Sources */,
				A1299C5E1CBE41C5005DEA5B /* Frameworks */,
				A1299C5F1CBE41C5005DEA5B /* Resources */,
				730B705F4CA266AAC95C979C /* [CP] Embed Pods Frameworks */,
				3EC3D9D318570A4E6B25F318 /* [CP] Copy Pods Resources */,
			);
			buildRules = (
			);
			dependencies = (
			);
			name = Example;
			productName = Example;
			productReference = A1299C611CBE41C5005DEA5B /* Example.app */;
			productType = "com.apple.product-type.application";
		};
/* End PBXNativeTarget section */

/* Begin PBXProject section */
		A1299C591CBE41C5005DEA5B /* Project object */ = {
			isa = PBXProject;
			attributes = {
				LastSwiftUpdateCheck = 0730;
				LastUpgradeCheck = 0800;
				ORGANIZATIONNAME = Polidea;
				TargetAttributes = {
					A1299C601CBE41C5005DEA5B = {
						CreatedOnToolsVersion = 7.3;
						DevelopmentTeam = 96TQV7B5LD;
					};
				};
			};
			buildConfigurationList = A1299C5C1CBE41C5005DEA5B /* Build configuration list for PBXProject "Example" */;
			compatibilityVersion = "Xcode 3.2";
			developmentRegion = English;
			hasScannedForEncodings = 0;
			knownRegions = (
				en,
				Base,
			);
			mainGroup = A1299C581CBE41C5005DEA5B;
			productRefGroup = A1299C621CBE41C5005DEA5B /* Products */;
			projectDirPath = "";
			projectRoot = "";
			targets = (
				A1299C601CBE41C5005DEA5B /* Example */,
			);
		};
/* End PBXProject section */

/* Begin PBXResourcesBuildPhase section */
		A1299C5F1CBE41C5005DEA5B /* Resources */ = {
			isa = PBXResourcesBuildPhase;
			buildActionMask = 2147483647;
			files = (
				A1299C771CBE426A005DEA5B /* Main.storyboard in Resources */,
				A1299C6F1CBE41C5005DEA5B /* LaunchScreen.storyboard in Resources */,
				A1299C6C1CBE41C5005DEA5B /* Assets.xcassets in Resources */,
			);
			runOnlyForDeploymentPostprocessing = 0;
		};
/* End PBXResourcesBuildPhase section */

/* Begin PBXShellScriptBuildPhase section */
		3EC3D9D318570A4E6B25F318 /* [CP] Copy Pods Resources */ = {
			isa = PBXShellScriptBuildPhase;
			buildActionMask = 2147483647;
			files = (
			);
			inputPaths = (
			);
			name = "[CP] Copy Pods Resources";
			outputPaths = (
			);
			runOnlyForDeploymentPostprocessing = 0;
			shellPath = /bin/sh;
			shellScript = "\"${SRCROOT}/Pods/Target Support Files/Pods-Example/Pods-Example-resources.sh\"\n";
			showEnvVarsInLog = 0;
		};
		5BB20924261D292D6C4DE28A /* [CP] Check Pods Manifest.lock */ = {
			isa = PBXShellScriptBuildPhase;
			buildActionMask = 2147483647;
			files = (
			);
			inputPaths = (
			);
			name = "[CP] Check Pods Manifest.lock";
			outputPaths = (
			);
			runOnlyForDeploymentPostprocessing = 0;
			shellPath = /bin/sh;
			shellScript = "diff \"${PODS_ROOT}/../Podfile.lock\" \"${PODS_ROOT}/Manifest.lock\" > /dev/null\nif [ $? != 0 ] ; then\n    # print error to STDERR\n    echo \"error: The sandbox is not in sync with the Podfile.lock. Run 'pod install' or update your CocoaPods installation.\" >&2\n    exit 1\nfi\n";
			showEnvVarsInLog = 0;
		};
		730B705F4CA266AAC95C979C /* [CP] Embed Pods Frameworks */ = {
			isa = PBXShellScriptBuildPhase;
			buildActionMask = 2147483647;
			files = (
			);
			inputPaths = (
			);
			name = "[CP] Embed Pods Frameworks";
			outputPaths = (
			);
			runOnlyForDeploymentPostprocessing = 0;
			shellPath = /bin/sh;
			shellScript = "\"${SRCROOT}/Pods/Target Support Files/Pods-Example/Pods-Example-frameworks.sh\"\n";
			showEnvVarsInLog = 0;
		};
/* End PBXShellScriptBuildPhase section */

/* Begin PBXSourcesBuildPhase section */
		A1299C5D1CBE41C5005DEA5B /* Sources */ = {
			isa = PBXSourcesBuildPhase;
			buildActionMask = 2147483647;
			files = (
				A1299C7D1CBE4295005DEA5B /* ScansTableViewController.swift in Sources */,
				A1299C811CBE42AA005DEA5B /* PeripheralServicesViewController.swift in Sources */,
				26CE004D1CBE71600072B0AA /* ServiceTableViewCell.swift in Sources */,
				265CD6031CBFE42D007120AB /* CharacteristicTableViewCell.swift in Sources */,
				A1299C791CBE427E005DEA5B /* AppDelegate.swift in Sources */,
				26EE726B1DA240CD00DB4F23 /* SplitViewController.swift in Sources */,
				265CD6011CBFE421007120AB /* CharacteristicsController.swift in Sources */,
				A1299C7E1CBE4295005DEA5B /* ScannedPeripheralCell.swift in Sources */,
				2672849F1CC6695F007C0DE2 /* NSDataUtilities.swift in Sources */,
			);
			runOnlyForDeploymentPostprocessing = 0;
		};
/* End PBXSourcesBuildPhase section */

/* Begin PBXVariantGroup section */
		A1299C6D1CBE41C5005DEA5B /* LaunchScreen.storyboard */ = {
			isa = PBXVariantGroup;
			children = (
				A1299C6E1CBE41C5005DEA5B /* Base */,
			);
			name = LaunchScreen.storyboard;
			sourceTree = "<group>";
		};
/* End PBXVariantGroup section */

/* Begin XCBuildConfiguration section */
		A1299C711CBE41C5005DEA5B /* Debug */ = {
			isa = XCBuildConfiguration;
			buildSettings = {
				ALWAYS_SEARCH_USER_PATHS = NO;
				CLANG_ANALYZER_NONNULL = YES;
				CLANG_CXX_LANGUAGE_STANDARD = "gnu++0x";
				CLANG_CXX_LIBRARY = "libc++";
				CLANG_ENABLE_MODULES = YES;
				CLANG_ENABLE_OBJC_ARC = YES;
				CLANG_WARN_BOOL_CONVERSION = YES;
				CLANG_WARN_CONSTANT_CONVERSION = YES;
				CLANG_WARN_DIRECT_OBJC_ISA_USAGE = YES_ERROR;
				CLANG_WARN_EMPTY_BODY = YES;
				CLANG_WARN_ENUM_CONVERSION = YES;
				CLANG_WARN_INFINITE_RECURSION = YES;
				CLANG_WARN_INT_CONVERSION = YES;
				CLANG_WARN_OBJC_ROOT_CLASS = YES_ERROR;
				CLANG_WARN_SUSPICIOUS_MOVE = YES;
				CLANG_WARN_UNREACHABLE_CODE = YES;
				CLANG_WARN__DUPLICATE_METHOD_MATCH = YES;
				"CODE_SIGN_IDENTITY[sdk=iphoneos*]" = "iPhone Developer";
				COPY_PHASE_STRIP = NO;
				DEBUG_INFORMATION_FORMAT = dwarf;
				ENABLE_STRICT_OBJC_MSGSEND = YES;
				ENABLE_TESTABILITY = YES;
				GCC_C_LANGUAGE_STANDARD = gnu99;
				GCC_DYNAMIC_NO_PIC = NO;
				GCC_NO_COMMON_BLOCKS = YES;
				GCC_OPTIMIZATION_LEVEL = 0;
				GCC_PREPROCESSOR_DEFINITIONS = (
					"DEBUG=1",
					"$(inherited)",
				);
				GCC_WARN_64_TO_32_BIT_CONVERSION = YES;
				GCC_WARN_ABOUT_RETURN_TYPE = YES_ERROR;
				GCC_WARN_UNDECLARED_SELECTOR = YES;
				GCC_WARN_UNINITIALIZED_AUTOS = YES_AGGRESSIVE;
				GCC_WARN_UNUSED_FUNCTION = YES;
				GCC_WARN_UNUSED_VARIABLE = YES;
				IPHONEOS_DEPLOYMENT_TARGET = 9.3;
				MTL_ENABLE_DEBUG_INFO = YES;
				ONLY_ACTIVE_ARCH = YES;
				SDKROOT = iphoneos;
				SWIFT_OPTIMIZATION_LEVEL = "-Onone";
			};
			name = Debug;
		};
		A1299C721CBE41C5005DEA5B /* Release */ = {
			isa = XCBuildConfiguration;
			buildSettings = {
				ALWAYS_SEARCH_USER_PATHS = NO;
				CLANG_ANALYZER_NONNULL = YES;
				CLANG_CXX_LANGUAGE_STANDARD = "gnu++0x";
				CLANG_CXX_LIBRARY = "libc++";
				CLANG_ENABLE_MODULES = YES;
				CLANG_ENABLE_OBJC_ARC = YES;
				CLANG_WARN_BOOL_CONVERSION = YES;
				CLANG_WARN_CONSTANT_CONVERSION = YES;
				CLANG_WARN_DIRECT_OBJC_ISA_USAGE = YES_ERROR;
				CLANG_WARN_EMPTY_BODY = YES;
				CLANG_WARN_ENUM_CONVERSION = YES;
				CLANG_WARN_INFINITE_RECURSION = YES;
				CLANG_WARN_INT_CONVERSION = YES;
				CLANG_WARN_OBJC_ROOT_CLASS = YES_ERROR;
				CLANG_WARN_SUSPICIOUS_MOVE = YES;
				CLANG_WARN_UNREACHABLE_CODE = YES;
				CLANG_WARN__DUPLICATE_METHOD_MATCH = YES;
				"CODE_SIGN_IDENTITY[sdk=iphoneos*]" = "iPhone Developer";
				COPY_PHASE_STRIP = NO;
				DEBUG_INFORMATION_FORMAT = "dwarf-with-dsym";
				ENABLE_NS_ASSERTIONS = NO;
				ENABLE_STRICT_OBJC_MSGSEND = YES;
				GCC_C_LANGUAGE_STANDARD = gnu99;
				GCC_NO_COMMON_BLOCKS = YES;
				GCC_WARN_64_TO_32_BIT_CONVERSION = YES;
				GCC_WARN_ABOUT_RETURN_TYPE = YES_ERROR;
				GCC_WARN_UNDECLARED_SELECTOR = YES;
				GCC_WARN_UNINITIALIZED_AUTOS = YES_AGGRESSIVE;
				GCC_WARN_UNUSED_FUNCTION = YES;
				GCC_WARN_UNUSED_VARIABLE = YES;
				IPHONEOS_DEPLOYMENT_TARGET = 9.3;
				MTL_ENABLE_DEBUG_INFO = NO;
				SDKROOT = iphoneos;
				SWIFT_OPTIMIZATION_LEVEL = "-Owholemodule";
				VALIDATE_PRODUCT = YES;
			};
			name = Release;
		};
		A1299C741CBE41C5005DEA5B /* Debug */ = {
			isa = XCBuildConfiguration;
			baseConfigurationReference = 0E1242568DC6EBC77A838532 /* Pods-Example.debug.xcconfig */;
			buildSettings = {
				ALWAYS_EMBED_SWIFT_STANDARD_LIBRARIES = YES;
				ASSETCATALOG_COMPILER_APPICON_NAME = AppIcon;
				CLANG_ENABLE_MODULES = YES;
				DEVELOPMENT_TEAM = 96TQV7B5LD;
				INFOPLIST_FILE = Example/Info.plist;
				LD_RUNPATH_SEARCH_PATHS = "$(inherited) @executable_path/Frameworks";
				PRODUCT_BUNDLE_IDENTIFIER = com.polidea.rxbluetoothkit.example;
				PRODUCT_NAME = "$(TARGET_NAME)";
				SWIFT_OPTIMIZATION_LEVEL = "-Onone";
				SWIFT_VERSION = 3.0;
			};
			name = Debug;
		};
		A1299C751CBE41C5005DEA5B /* Release */ = {
			isa = XCBuildConfiguration;
			baseConfigurationReference = B4DAF7B5098A22F12280CB22 /* Pods-Example.release.xcconfig */;
			buildSettings = {
				ALWAYS_EMBED_SWIFT_STANDARD_LIBRARIES = YES;
				ASSETCATALOG_COMPILER_APPICON_NAME = AppIcon;
				CLANG_ENABLE_MODULES = YES;
				DEVELOPMENT_TEAM = 96TQV7B5LD;
				INFOPLIST_FILE = Example/Info.plist;
				LD_RUNPATH_SEARCH_PATHS = "$(inherited) @executable_path/Frameworks";
				PRODUCT_BUNDLE_IDENTIFIER = com.polidea.rxbluetoothkit.example;
				PRODUCT_NAME = "$(TARGET_NAME)";
				SWIFT_VERSION = 3.0;
			};
			name = Release;
		};
/* End XCBuildConfiguration section */

/* Begin XCConfigurationList section */
		A1299C5C1CBE41C5005DEA5B /* Build configuration list for PBXProject "Example" */ = {
			isa = XCConfigurationList;
			buildConfigurations = (
				A1299C711CBE41C5005DEA5B /* Debug */,
				A1299C721CBE41C5005DEA5B /* Release */,
			);
			defaultConfigurationIsVisible = 0;
			defaultConfigurationName = Release;
		};
		A1299C731CBE41C5005DEA5B /* Build configuration list for PBXNativeTarget "Example" */ = {
			isa = XCConfigurationList;
			buildConfigurations = (
				A1299C741CBE41C5005DEA5B /* Debug */,
				A1299C751CBE41C5005DEA5B /* Release */,
			);
			defaultConfigurationIsVisible = 0;
			defaultConfigurationName = Release;
		};
/* End XCConfigurationList section */
	};
	rootObject = A1299C591CBE41C5005DEA5B /* Project object */;
}
