// !$*UTF8*$!
{
	archiveVersion = 1;
	classes = {
	};
	objectVersion = 48;
	objects = {

/* Begin PBXBuildFile section */
		288D3489B09EA676CF5A6D39 /* Pods_ExampleApp.framework in Frameworks */ = {isa = PBXBuildFile; fileRef = A380B061A30914A560F6D365 /* Pods_ExampleApp.framework */; };
		61191017D3956639C173176D /* TableViewDataSource.swift in Sources */ = {isa = PBXBuildFile; fileRef = 611917947AC817CA291EC9D2 /* TableViewDataSource.swift */; };
		6119113248BA835F48CF4DE2 /* AppDelegate.swift in Sources */ = {isa = PBXBuildFile; fileRef = 61191C8E8C5BAB54FB030FFF /* AppDelegate.swift */; };
		6119114447177453E2E7E03A /* CellUpdatable.swift in Sources */ = {isa = PBXBuildFile; fileRef = 61191AB41147ACFEE6897528 /* CellUpdatable.swift */; };
		611911BAA8754F6F2852C78C /* ScanResultViewModelItem.swift in Sources */ = {isa = PBXBuildFile; fileRef = 61191806818A2A7AC82C79AB /* ScanResultViewModelItem.swift */; };
		611912AFCBED293AB911B582 /* PeripheralServicesViewModelItem.swift in Sources */ = {isa = PBXBuildFile; fileRef = 61191FA903A72AFC9B49BBE7 /* PeripheralServicesViewModelItem.swift */; };
		611913FC30F7BA29AA2DCDCF /* PeripheralServiceCell.swift in Sources */ = {isa = PBXBuildFile; fileRef = 61191E527845C342A2B509F6 /* PeripheralServiceCell.swift */; };
		6119158EB80727651F00593D /* PeripheralServicesViewModelType.swift in Sources */ = {isa = PBXBuildFile; fileRef = 61191F65FD2DEF88F0297051 /* PeripheralServicesViewModelType.swift */; };
		61191AB9D54FCDF8D81C85DF /* Presenter.swift in Sources */ = {isa = PBXBuildFile; fileRef = 6119100FA1BB8087F8FAFB4B /* Presenter.swift */; };
		61191B1F4B28D02AA43F6A2F /* ScansResultViewModelType.swift in Sources */ = {isa = PBXBuildFile; fileRef = 6119122E34D0147A7E2C9C7B /* ScansResultViewModelType.swift */; };
		61191BD7324ED15CD5D56D2D /* PeripheralServicesViewController.swift in Sources */ = {isa = PBXBuildFile; fileRef = 611919473CA70733A41CF619 /* PeripheralServicesViewController.swift */; };
		61191C1A5A84044C966C9E73 /* CustomView.swift in Sources */ = {isa = PBXBuildFile; fileRef = 61191EED42E68E21BC27FEDB /* CustomView.swift */; };
		61191D0DA56A9EE0EBD0EA4C /* ScanResultsView.swift in Sources */ = {isa = PBXBuildFile; fileRef = 61191A28890003C8AFD57BD4 /* ScanResultsView.swift */; };
		61191EABF2EC918A25A24576 /* ScanResultsViewModel.swift in Sources */ = {isa = PBXBuildFile; fileRef = 611918437D48292364D66A5A /* ScanResultsViewModel.swift */; };
		61191EE11E7D495938F3D1F4 /* ScanResultsTableViewCell.swift in Sources */ = {isa = PBXBuildFile; fileRef = 611914BBF00CBE3A651CBE53 /* ScanResultsTableViewCell.swift */; };
		61191F12AE02144E44ACE12F /* ScanResultsViewController.swift in Sources */ = {isa = PBXBuildFile; fileRef = 611919D2DCAAA7EDBACC63A2 /* ScanResultsViewController.swift */; };
		61191F5602E3C4080D499A9B /* SectionModelItem.swift in Sources */ = {isa = PBXBuildFile; fileRef = 61191011BF6F6D193B491BA0 /* SectionModelItem.swift */; };
		61191F82B4C5E7CF726A9522 /* PeripheralServicesView.swift in Sources */ = {isa = PBXBuildFile; fileRef = 6119128D2BA1C92A62E464A5 /* PeripheralServicesView.swift */; };
		8EA4B7E6204857D100154115 /* Assets.xcassets in Resources */ = {isa = PBXBuildFile; fileRef = 8EA4B7E5204857D100154115 /* Assets.xcassets */; };
		8EA4B7E9204857D100154115 /* LaunchScreen.storyboard in Resources */ = {isa = PBXBuildFile; fileRef = 8EA4B7E7204857D100154115 /* LaunchScreen.storyboard */; };
		E4F472511E66FC89D3403F81 /* BluetoothService.swift in Sources */ = {isa = PBXBuildFile; fileRef = E4F47C45E5B969449636C081 /* BluetoothService.swift */; };
		E4F478FC0F5A9E7799AEFC1D /* PeripheralServicesViewModel.swift in Sources */ = {isa = PBXBuildFile; fileRef = E4F47F7964D4B612BA8B182F /* PeripheralServicesViewModel.swift */; };
/* End PBXBuildFile section */

/* Begin PBXFileReference section */
		03B064BD740820BFD0F0133F /* Pods-ExampleApp.debug.xcconfig */ = {isa = PBXFileReference; includeInIndex = 1; lastKnownFileType = text.xcconfig; name = "Pods-ExampleApp.debug.xcconfig"; path = "Pods/Target Support Files/Pods-ExampleApp/Pods-ExampleApp.debug.xcconfig"; sourceTree = "<group>"; };
		6119100FA1BB8087F8FAFB4B /* Presenter.swift */ = {isa = PBXFileReference; fileEncoding = 4; lastKnownFileType = sourcecode.swift; path = Presenter.swift; sourceTree = "<group>"; };
		61191011BF6F6D193B491BA0 /* SectionModelItem.swift */ = {isa = PBXFileReference; fileEncoding = 4; lastKnownFileType = sourcecode.swift; path = SectionModelItem.swift; sourceTree = "<group>"; };
		6119122E34D0147A7E2C9C7B /* ScansResultViewModelType.swift */ = {isa = PBXFileReference; fileEncoding = 4; lastKnownFileType = sourcecode.swift; path = ScansResultViewModelType.swift; sourceTree = "<group>"; };
		6119128D2BA1C92A62E464A5 /* PeripheralServicesView.swift */ = {isa = PBXFileReference; fileEncoding = 4; lastKnownFileType = sourcecode.swift; path = PeripheralServicesView.swift; sourceTree = "<group>"; };
		611914BBF00CBE3A651CBE53 /* ScanResultsTableViewCell.swift */ = {isa = PBXFileReference; fileEncoding = 4; lastKnownFileType = sourcecode.swift; path = ScanResultsTableViewCell.swift; sourceTree = "<group>"; };
		611917947AC817CA291EC9D2 /* TableViewDataSource.swift */ = {isa = PBXFileReference; fileEncoding = 4; lastKnownFileType = sourcecode.swift; path = TableViewDataSource.swift; sourceTree = "<group>"; };
		61191806818A2A7AC82C79AB /* ScanResultViewModelItem.swift */ = {isa = PBXFileReference; fileEncoding = 4; lastKnownFileType = sourcecode.swift; path = ScanResultViewModelItem.swift; sourceTree = "<group>"; };
		611918437D48292364D66A5A /* ScanResultsViewModel.swift */ = {isa = PBXFileReference; fileEncoding = 4; lastKnownFileType = sourcecode.swift; path = ScanResultsViewModel.swift; sourceTree = "<group>"; };
		611919473CA70733A41CF619 /* PeripheralServicesViewController.swift */ = {isa = PBXFileReference; fileEncoding = 4; lastKnownFileType = sourcecode.swift; path = PeripheralServicesViewController.swift; sourceTree = "<group>"; };
		611919D2DCAAA7EDBACC63A2 /* ScanResultsViewController.swift */ = {isa = PBXFileReference; fileEncoding = 4; lastKnownFileType = sourcecode.swift; path = ScanResultsViewController.swift; sourceTree = "<group>"; };
		61191A28890003C8AFD57BD4 /* ScanResultsView.swift */ = {isa = PBXFileReference; fileEncoding = 4; lastKnownFileType = sourcecode.swift; path = ScanResultsView.swift; sourceTree = "<group>"; };
		61191AB41147ACFEE6897528 /* CellUpdatable.swift */ = {isa = PBXFileReference; fileEncoding = 4; lastKnownFileType = sourcecode.swift; path = CellUpdatable.swift; sourceTree = "<group>"; };
		61191C8E8C5BAB54FB030FFF /* AppDelegate.swift */ = {isa = PBXFileReference; fileEncoding = 4; lastKnownFileType = sourcecode.swift; path = AppDelegate.swift; sourceTree = "<group>"; };
		61191E527845C342A2B509F6 /* PeripheralServiceCell.swift */ = {isa = PBXFileReference; fileEncoding = 4; lastKnownFileType = sourcecode.swift; path = PeripheralServiceCell.swift; sourceTree = "<group>"; };
		61191EED42E68E21BC27FEDB /* CustomView.swift */ = {isa = PBXFileReference; fileEncoding = 4; lastKnownFileType = sourcecode.swift; path = CustomView.swift; sourceTree = "<group>"; };
		61191F65FD2DEF88F0297051 /* PeripheralServicesViewModelType.swift */ = {isa = PBXFileReference; fileEncoding = 4; lastKnownFileType = sourcecode.swift; path = PeripheralServicesViewModelType.swift; sourceTree = "<group>"; };
		61191FA903A72AFC9B49BBE7 /* PeripheralServicesViewModelItem.swift */ = {isa = PBXFileReference; fileEncoding = 4; lastKnownFileType = sourcecode.swift; path = PeripheralServicesViewModelItem.swift; sourceTree = "<group>"; };
		8EA4B7DB204857D100154115 /* ExampleApp.app */ = {isa = PBXFileReference; explicitFileType = wrapper.application; includeInIndex = 0; path = ExampleApp.app; sourceTree = BUILT_PRODUCTS_DIR; };
		8EA4B7E5204857D100154115 /* Assets.xcassets */ = {isa = PBXFileReference; lastKnownFileType = folder.assetcatalog; path = Assets.xcassets; sourceTree = "<group>"; };
		8EA4B7E8204857D100154115 /* Base */ = {isa = PBXFileReference; lastKnownFileType = file.storyboard; name = Base; path = Base.lproj/LaunchScreen.storyboard; sourceTree = "<group>"; };
		8EA4B7EA204857D100154115 /* Info.plist */ = {isa = PBXFileReference; lastKnownFileType = text.plist.xml; path = Info.plist; sourceTree = "<group>"; };
		A380B061A30914A560F6D365 /* Pods_ExampleApp.framework */ = {isa = PBXFileReference; explicitFileType = wrapper.framework; includeInIndex = 0; path = Pods_ExampleApp.framework; sourceTree = BUILT_PRODUCTS_DIR; };
		E4F47C45E5B969449636C081 /* BluetoothService.swift */ = {isa = PBXFileReference; fileEncoding = 4; lastKnownFileType = sourcecode.swift; path = BluetoothService.swift; sourceTree = "<group>"; };
		E4F47F7964D4B612BA8B182F /* PeripheralServicesViewModel.swift */ = {isa = PBXFileReference; fileEncoding = 4; lastKnownFileType = sourcecode.swift; path = PeripheralServicesViewModel.swift; sourceTree = "<group>"; };
		EDA12C1BE2113E4E2EF8937D /* Pods-ExampleApp.release.xcconfig */ = {isa = PBXFileReference; includeInIndex = 1; lastKnownFileType = text.xcconfig; name = "Pods-ExampleApp.release.xcconfig"; path = "Pods/Target Support Files/Pods-ExampleApp/Pods-ExampleApp.release.xcconfig"; sourceTree = "<group>"; };
/* End PBXFileReference section */

/* Begin PBXFrameworksBuildPhase section */
		8EA4B7D8204857D100154115 /* Frameworks */ = {
			isa = PBXFrameworksBuildPhase;
			buildActionMask = 2147483647;
			files = (
				288D3489B09EA676CF5A6D39 /* Pods_ExampleApp.framework in Frameworks */,
			);
			runOnlyForDeploymentPostprocessing = 0;
		};
/* End PBXFrameworksBuildPhase section */

/* Begin PBXGroup section */
		4AB70BACF0161C16EB43E4A8 /* Frameworks */ = {
			isa = PBXGroup;
			children = (
				A380B061A30914A560F6D365 /* Pods_ExampleApp.framework */,
			);
			name = Frameworks;
			sourceTree = "<group>";
		};
		611911C903C8673955E80248 /* CellViewModelItem */ = {
			isa = PBXGroup;
			children = (
				61191806818A2A7AC82C79AB /* ScanResultViewModelItem.swift */,
			);
			path = CellViewModelItem;
			sourceTree = "<group>";
		};
		61191243F48FDC5A83D03647 /* ViewController */ = {
			isa = PBXGroup;
			children = (
				611919D2DCAAA7EDBACC63A2 /* ScanResultsViewController.swift */,
			);
			path = ViewController;
			sourceTree = "<group>";
		};
		6119129916D2202B808620B3 /* CustomView */ = {
			isa = PBXGroup;
			children = (
				61191EED42E68E21BC27FEDB /* CustomView.swift */,
			);
			path = CustomView;
			sourceTree = "<group>";
		};
		611912C168DD5B8F07D00C9B /* UpdatableCell */ = {
			isa = PBXGroup;
			children = (
				61191AB41147ACFEE6897528 /* CellUpdatable.swift */,
			);
			path = UpdatableCell;
			sourceTree = "<group>";
		};
		611912EE5F2EEEDE4A9CB397 /* ViewModel */ = {
			isa = PBXGroup;
			children = (
				611911C903C8673955E80248 /* CellViewModelItem */,
				6119122E34D0147A7E2C9C7B /* ScansResultViewModelType.swift */,
				611918437D48292364D66A5A /* ScanResultsViewModel.swift */,
			);
			path = ViewModel;
			sourceTree = "<group>";
		};
		6119136C684806D78AABD2F5 /* Common */ = {
			isa = PBXGroup;
			children = (
				611919C1B721BC8392C51235 /* Application */,
				611915F7BD7727CC7EB5901E /* Presenters */,
				6119129916D2202B808620B3 /* CustomView */,
				611912C168DD5B8F07D00C9B /* UpdatableCell */,
				611916B5EC7839068D02AB39 /* DataSource */,
				E4F47D29C7A784E66DF3CA03 /* Services */,
			);
			path = Common;
			sourceTree = "<group>";
		};
		611913A8410BB0FB75A236EE /* CellViewModelItem */ = {
			isa = PBXGroup;
			children = (
				61191FA903A72AFC9B49BBE7 /* PeripheralServicesViewModelItem.swift */,
			);
			path = CellViewModelItem;
			sourceTree = "<group>";
		};
		611913E5B0C3C9768CE5AB2B /* UITableViewCell */ = {
			isa = PBXGroup;
			children = (
				61191E527845C342A2B509F6 /* PeripheralServiceCell.swift */,
			);
			path = UITableViewCell;
			sourceTree = "<group>";
		};
		61191507D0B13C427C870A9C /* View */ = {
			isa = PBXGroup;
			children = (
				6119128D2BA1C92A62E464A5 /* PeripheralServicesView.swift */,
				611913E5B0C3C9768CE5AB2B /* UITableViewCell */,
			);
			path = View;
			sourceTree = "<group>";
		};
		6119155CEA6D8BDD731AE341 /* ViewModel */ = {
			isa = PBXGroup;
			children = (
				61191F65FD2DEF88F0297051 /* PeripheralServicesViewModelType.swift */,
				611913A8410BB0FB75A236EE /* CellViewModelItem */,
				E4F47F7964D4B612BA8B182F /* PeripheralServicesViewModel.swift */,
			);
			path = ViewModel;
			sourceTree = "<group>";
		};
		611915F7BD7727CC7EB5901E /* Presenters */ = {
			isa = PBXGroup;
			children = (
				6119100FA1BB8087F8FAFB4B /* Presenter.swift */,
			);
			path = Presenters;
			sourceTree = "<group>";
		};
		611916B5EC7839068D02AB39 /* DataSource */ = {
			isa = PBXGroup;
			children = (
				611917947AC817CA291EC9D2 /* TableViewDataSource.swift */,
				61191011BF6F6D193B491BA0 /* SectionModelItem.swift */,
			);
			path = DataSource;
			sourceTree = "<group>";
		};
		611916EE5771DA5CFB3E964C /* View */ = {
			isa = PBXGroup;
			children = (
				61191A28890003C8AFD57BD4 /* ScanResultsView.swift */,
				61191D15FD25B4B66D717CEF /* UITableViewCell */,
			);
			path = View;
			sourceTree = "<group>";
		};
		611917FD92C37356B4C1B0B6 /* PeripheralServices */ = {
			isa = PBXGroup;
			children = (
				61191AE82F5FB1AA80A742D0 /* ViewController */,
				6119155CEA6D8BDD731AE341 /* ViewModel */,
				61191507D0B13C427C870A9C /* View */,
			);
			path = PeripheralServices;
			sourceTree = "<group>";
		};
		611919372407A4EF1B9C2311 /* ScanResults */ = {
			isa = PBXGroup;
			children = (
				61191243F48FDC5A83D03647 /* ViewController */,
				611912EE5F2EEEDE4A9CB397 /* ViewModel */,
				611916EE5771DA5CFB3E964C /* View */,
			);
			path = ScanResults;
			sourceTree = "<group>";
		};
		611919C1B721BC8392C51235 /* Application */ = {
			isa = PBXGroup;
			children = (
				61191C8E8C5BAB54FB030FFF /* AppDelegate.swift */,
			);
			path = Application;
			sourceTree = "<group>";
		};
		61191A6610CD3CDE4573FC38 /* Screens */ = {
			isa = PBXGroup;
			children = (
				611919372407A4EF1B9C2311 /* ScanResults */,
				611917FD92C37356B4C1B0B6 /* PeripheralServices */,
			);
			path = Screens;
			sourceTree = "<group>";
		};
		61191AE82F5FB1AA80A742D0 /* ViewController */ = {
			isa = PBXGroup;
			children = (
				611919473CA70733A41CF619 /* PeripheralServicesViewController.swift */,
			);
			path = ViewController;
			sourceTree = "<group>";
		};
		61191D15FD25B4B66D717CEF /* UITableViewCell */ = {
			isa = PBXGroup;
			children = (
				611914BBF00CBE3A651CBE53 /* ScanResultsTableViewCell.swift */,
			);
			path = UITableViewCell;
			sourceTree = "<group>";
		};
		8EA4B7D2204857D100154115 = {
			isa = PBXGroup;
			children = (
				8EA4B7DD204857D100154115 /* ExampleApp */,
				8EA4B7DC204857D100154115 /* Products */,
				ADA9F3FC36DD7F9C5B9ED7AF /* Pods */,
				4AB70BACF0161C16EB43E4A8 /* Frameworks */,
			);
			sourceTree = "<group>";
		};
		8EA4B7DC204857D100154115 /* Products */ = {
			isa = PBXGroup;
			children = (
				8EA4B7DB204857D100154115 /* ExampleApp.app */,
			);
			name = Products;
			sourceTree = "<group>";
		};
		8EA4B7DD204857D100154115 /* ExampleApp */ = {
			isa = PBXGroup;
			children = (
				8EA4B7E5204857D100154115 /* Assets.xcassets */,
				8EA4B7E7204857D100154115 /* LaunchScreen.storyboard */,
				8EA4B7EA204857D100154115 /* Info.plist */,
				6119136C684806D78AABD2F5 /* Common */,
				61191A6610CD3CDE4573FC38 /* Screens */,
			);
			path = ExampleApp;
			sourceTree = "<group>";
		};
		ADA9F3FC36DD7F9C5B9ED7AF /* Pods */ = {
			isa = PBXGroup;
			children = (
				03B064BD740820BFD0F0133F /* Pods-ExampleApp.debug.xcconfig */,
				EDA12C1BE2113E4E2EF8937D /* Pods-ExampleApp.release.xcconfig */,
			);
			name = Pods;
			sourceTree = "<group>";
		};
		E4F47D29C7A784E66DF3CA03 /* Services */ = {
			isa = PBXGroup;
			children = (
				E4F47C45E5B969449636C081 /* BluetoothService.swift */,
			);
			path = Services;
			sourceTree = "<group>";
		};
/* End PBXGroup section */

/* Begin PBXNativeTarget section */
		8EA4B7DA204857D100154115 /* ExampleApp */ = {
			isa = PBXNativeTarget;
			buildConfigurationList = 8EA4B7ED204857D100154115 /* Build configuration list for PBXNativeTarget "ExampleApp" */;
			buildPhases = (
				F585141EE3DF2D4ADF47CA52 /* [CP] Check Pods Manifest.lock */,
				8EA4B7D7204857D100154115 /* Sources */,
				8EA4B7D8204857D100154115 /* Frameworks */,
				8EA4B7D9204857D100154115 /* Resources */,
				7BC3BD3CF2548A8ECC54DB38 /* [CP] Embed Pods Frameworks */,
				B24EB69604D4C6EA3309AD42 /* [CP] Copy Pods Resources */,
			);
			buildRules = (
			);
			dependencies = (
			);
			name = ExampleApp;
			productName = ExampleApp;
			productReference = 8EA4B7DB204857D100154115 /* ExampleApp.app */;
			productType = "com.apple.product-type.application";
		};
/* End PBXNativeTarget section */

/* Begin PBXProject section */
		8EA4B7D3204857D100154115 /* Project object */ = {
			isa = PBXProject;
			attributes = {
				LastSwiftUpdateCheck = 0920;
				LastUpgradeCheck = 0920;
				ORGANIZATIONNAME = Polidea;
				TargetAttributes = {
					8EA4B7DA204857D100154115 = {
						CreatedOnToolsVersion = 9.2;
						ProvisioningStyle = Automatic;
					};
				};
			};
			buildConfigurationList = 8EA4B7D6204857D100154115 /* Build configuration list for PBXProject "ExampleApp" */;
			compatibilityVersion = "Xcode 8.0";
			developmentRegion = en;
			hasScannedForEncodings = 0;
			knownRegions = (
				en,
				Base,
			);
			mainGroup = 8EA4B7D2204857D100154115;
			productRefGroup = 8EA4B7DC204857D100154115 /* Products */;
			projectDirPath = "";
			projectRoot = "";
			targets = (
				8EA4B7DA204857D100154115 /* ExampleApp */,
			);
		};
/* End PBXProject section */

/* Begin PBXResourcesBuildPhase section */
		8EA4B7D9204857D100154115 /* Resources */ = {
			isa = PBXResourcesBuildPhase;
			buildActionMask = 2147483647;
			files = (
				8EA4B7E9204857D100154115 /* LaunchScreen.storyboard in Resources */,
				8EA4B7E6204857D100154115 /* Assets.xcassets in Resources */,
			);
			runOnlyForDeploymentPostprocessing = 0;
		};
/* End PBXResourcesBuildPhase section */

/* Begin PBXShellScriptBuildPhase section */
		7BC3BD3CF2548A8ECC54DB38 /* [CP] Embed Pods Frameworks */ = {
			isa = PBXShellScriptBuildPhase;
			buildActionMask = 2147483647;
			files = (
			);
			inputPaths = (
				"${SRCROOT}/Pods/Target Support Files/Pods-ExampleApp/Pods-ExampleApp-frameworks.sh",
				"${BUILT_PRODUCTS_DIR}/RxBluetoothKit/RxBluetoothKit.framework",
				"${BUILT_PRODUCTS_DIR}/RxCocoa/RxCocoa.framework",
				"${BUILT_PRODUCTS_DIR}/RxSwift/RxSwift.framework",
			);
			name = "[CP] Embed Pods Frameworks";
			outputPaths = (
				"${TARGET_BUILD_DIR}/${FRAMEWORKS_FOLDER_PATH}/RxBluetoothKit.framework",
				"${TARGET_BUILD_DIR}/${FRAMEWORKS_FOLDER_PATH}/RxCocoa.framework",
				"${TARGET_BUILD_DIR}/${FRAMEWORKS_FOLDER_PATH}/RxSwift.framework",
			);
			runOnlyForDeploymentPostprocessing = 0;
			shellPath = /bin/sh;
			shellScript = "\"${SRCROOT}/Pods/Target Support Files/Pods-ExampleApp/Pods-ExampleApp-frameworks.sh\"\n";
			showEnvVarsInLog = 0;
		};
		B24EB69604D4C6EA3309AD42 /* [CP] Copy Pods Resources */ = {
			isa = PBXShellScriptBuildPhase;
			buildActionMask = 2147483647;
			files = (
			);
			inputPaths = (
			);
			name = "[CP] Copy Pods Resources";
			outputPaths = (
			);
			runOnlyForDeploymentPostprocessing = 0;
			shellPath = /bin/sh;
			shellScript = "\"${SRCROOT}/Pods/Target Support Files/Pods-ExampleApp/Pods-ExampleApp-resources.sh\"\n";
			showEnvVarsInLog = 0;
		};
		F585141EE3DF2D4ADF47CA52 /* [CP] Check Pods Manifest.lock */ = {
			isa = PBXShellScriptBuildPhase;
			buildActionMask = 2147483647;
			files = (
			);
			inputPaths = (
				"${PODS_PODFILE_DIR_PATH}/Podfile.lock",
				"${PODS_ROOT}/Manifest.lock",
			);
			name = "[CP] Check Pods Manifest.lock";
			outputPaths = (
				"$(DERIVED_FILE_DIR)/Pods-ExampleApp-checkManifestLockResult.txt",
			);
			runOnlyForDeploymentPostprocessing = 0;
			shellPath = /bin/sh;
			shellScript = "diff \"${PODS_PODFILE_DIR_PATH}/Podfile.lock\" \"${PODS_ROOT}/Manifest.lock\" > /dev/null\nif [ $? != 0 ] ; then\n    # print error to STDERR\n    echo \"error: The sandbox is not in sync with the Podfile.lock. Run 'pod install' or update your CocoaPods installation.\" >&2\n    exit 1\nfi\n# This output is used by Xcode 'outputs' to avoid re-running this script phase.\necho \"SUCCESS\" > \"${SCRIPT_OUTPUT_FILE_0}\"\n";
			showEnvVarsInLog = 0;
		};
/* End PBXShellScriptBuildPhase section */

/* Begin PBXSourcesBuildPhase section */
		8EA4B7D7204857D100154115 /* Sources */ = {
			isa = PBXSourcesBuildPhase;
			buildActionMask = 2147483647;
			files = (
				6119113248BA835F48CF4DE2 /* AppDelegate.swift in Sources */,
				61191AB9D54FCDF8D81C85DF /* Presenter.swift in Sources */,
				61191F12AE02144E44ACE12F /* ScanResultsViewController.swift in Sources */,
				61191D0DA56A9EE0EBD0EA4C /* ScanResultsView.swift in Sources */,
				61191C1A5A84044C966C9E73 /* CustomView.swift in Sources */,
				6119114447177453E2E7E03A /* CellUpdatable.swift in Sources */,
				61191017D3956639C173176D /* TableViewDataSource.swift in Sources */,
				61191F5602E3C4080D499A9B /* SectionModelItem.swift in Sources */,
				611911BAA8754F6F2852C78C /* ScanResultViewModelItem.swift in Sources */,
				61191EE11E7D495938F3D1F4 /* ScanResultsTableViewCell.swift in Sources */,
				61191B1F4B28D02AA43F6A2F /* ScansResultViewModelType.swift in Sources */,
				61191EABF2EC918A25A24576 /* ScanResultsViewModel.swift in Sources */,
				61191F82B4C5E7CF726A9522 /* PeripheralServicesView.swift in Sources */,
				61191BD7324ED15CD5D56D2D /* PeripheralServicesViewController.swift in Sources */,
				6119158EB80727651F00593D /* PeripheralServicesViewModelType.swift in Sources */,
				611912AFCBED293AB911B582 /* PeripheralServicesViewModelItem.swift in Sources */,
				611913FC30F7BA29AA2DCDCF /* PeripheralServiceCell.swift in Sources */,
				E4F472511E66FC89D3403F81 /* BluetoothService.swift in Sources */,
				E4F478FC0F5A9E7799AEFC1D /* PeripheralServicesViewModel.swift in Sources */,
			);
			runOnlyForDeploymentPostprocessing = 0;
		};
/* End PBXSourcesBuildPhase section */

/* Begin PBXVariantGroup section */
		8EA4B7E7204857D100154115 /* LaunchScreen.storyboard */ = {
			isa = PBXVariantGroup;
			children = (
				8EA4B7E8204857D100154115 /* Base */,
			);
			name = LaunchScreen.storyboard;
			sourceTree = "<group>";
		};
/* End PBXVariantGroup section */

/* Begin XCBuildConfiguration section */
		8EA4B7EB204857D100154115 /* Debug */ = {
			isa = XCBuildConfiguration;
			buildSettings = {
				ALWAYS_SEARCH_USER_PATHS = NO;
				CLANG_ANALYZER_NONNULL = YES;
				CLANG_ANALYZER_NUMBER_OBJECT_CONVERSION = YES_AGGRESSIVE;
				CLANG_CXX_LANGUAGE_STANDARD = "gnu++14";
				CLANG_CXX_LIBRARY = "libc++";
				CLANG_ENABLE_MODULES = YES;
				CLANG_ENABLE_OBJC_ARC = YES;
				CLANG_WARN_BLOCK_CAPTURE_AUTORELEASING = YES;
				CLANG_WARN_BOOL_CONVERSION = YES;
				CLANG_WARN_COMMA = YES;
				CLANG_WARN_CONSTANT_CONVERSION = YES;
				CLANG_WARN_DIRECT_OBJC_ISA_USAGE = YES_ERROR;
				CLANG_WARN_DOCUMENTATION_COMMENTS = YES;
				CLANG_WARN_EMPTY_BODY = YES;
				CLANG_WARN_ENUM_CONVERSION = YES;
				CLANG_WARN_INFINITE_RECURSION = YES;
				CLANG_WARN_INT_CONVERSION = YES;
				CLANG_WARN_NON_LITERAL_NULL_CONVERSION = YES;
				CLANG_WARN_OBJC_LITERAL_CONVERSION = YES;
				CLANG_WARN_OBJC_ROOT_CLASS = YES_ERROR;
				CLANG_WARN_RANGE_LOOP_ANALYSIS = YES;
				CLANG_WARN_STRICT_PROTOTYPES = YES;
				CLANG_WARN_SUSPICIOUS_MOVE = YES;
				CLANG_WARN_UNGUARDED_AVAILABILITY = YES_AGGRESSIVE;
				CLANG_WARN_UNREACHABLE_CODE = YES;
				CLANG_WARN__DUPLICATE_METHOD_MATCH = YES;
				CODE_SIGN_IDENTITY = "iPhone Developer";
				COPY_PHASE_STRIP = NO;
				DEBUG_INFORMATION_FORMAT = dwarf;
				ENABLE_STRICT_OBJC_MSGSEND = YES;
				ENABLE_TESTABILITY = YES;
				GCC_C_LANGUAGE_STANDARD = gnu11;
				GCC_DYNAMIC_NO_PIC = NO;
				GCC_NO_COMMON_BLOCKS = YES;
				GCC_OPTIMIZATION_LEVEL = 0;
				GCC_PREPROCESSOR_DEFINITIONS = (
					"DEBUG=1",
					"$(inherited)",
				);
				GCC_WARN_64_TO_32_BIT_CONVERSION = YES;
				GCC_WARN_ABOUT_RETURN_TYPE = YES_ERROR;
				GCC_WARN_UNDECLARED_SELECTOR = YES;
				GCC_WARN_UNINITIALIZED_AUTOS = YES_AGGRESSIVE;
				GCC_WARN_UNUSED_FUNCTION = YES;
				GCC_WARN_UNUSED_VARIABLE = YES;
				IPHONEOS_DEPLOYMENT_TARGET = 11.2;
				MTL_ENABLE_DEBUG_INFO = YES;
				ONLY_ACTIVE_ARCH = YES;
				SDKROOT = iphoneos;
				SWIFT_ACTIVE_COMPILATION_CONDITIONS = DEBUG;
				SWIFT_OPTIMIZATION_LEVEL = "-Onone";
			};
			name = Debug;
		};
		8EA4B7EC204857D100154115 /* Release */ = {
			isa = XCBuildConfiguration;
			buildSettings = {
				ALWAYS_SEARCH_USER_PATHS = NO;
				CLANG_ANALYZER_NONNULL = YES;
				CLANG_ANALYZER_NUMBER_OBJECT_CONVERSION = YES_AGGRESSIVE;
				CLANG_CXX_LANGUAGE_STANDARD = "gnu++14";
				CLANG_CXX_LIBRARY = "libc++";
				CLANG_ENABLE_MODULES = YES;
				CLANG_ENABLE_OBJC_ARC = YES;
				CLANG_WARN_BLOCK_CAPTURE_AUTORELEASING = YES;
				CLANG_WARN_BOOL_CONVERSION = YES;
				CLANG_WARN_COMMA = YES;
				CLANG_WARN_CONSTANT_CONVERSION = YES;
				CLANG_WARN_DIRECT_OBJC_ISA_USAGE = YES_ERROR;
				CLANG_WARN_DOCUMENTATION_COMMENTS = YES;
				CLANG_WARN_EMPTY_BODY = YES;
				CLANG_WARN_ENUM_CONVERSION = YES;
				CLANG_WARN_INFINITE_RECURSION = YES;
				CLANG_WARN_INT_CONVERSION = YES;
				CLANG_WARN_NON_LITERAL_NULL_CONVERSION = YES;
				CLANG_WARN_OBJC_LITERAL_CONVERSION = YES;
				CLANG_WARN_OBJC_ROOT_CLASS = YES_ERROR;
				CLANG_WARN_RANGE_LOOP_ANALYSIS = YES;
				CLANG_WARN_STRICT_PROTOTYPES = YES;
				CLANG_WARN_SUSPICIOUS_MOVE = YES;
				CLANG_WARN_UNGUARDED_AVAILABILITY = YES_AGGRESSIVE;
				CLANG_WARN_UNREACHABLE_CODE = YES;
				CLANG_WARN__DUPLICATE_METHOD_MATCH = YES;
				CODE_SIGN_IDENTITY = "iPhone Developer";
				COPY_PHASE_STRIP = NO;
				DEBUG_INFORMATION_FORMAT = "dwarf-with-dsym";
				ENABLE_NS_ASSERTIONS = NO;
				ENABLE_STRICT_OBJC_MSGSEND = YES;
				GCC_C_LANGUAGE_STANDARD = gnu11;
				GCC_NO_COMMON_BLOCKS = YES;
				GCC_WARN_64_TO_32_BIT_CONVERSION = YES;
				GCC_WARN_ABOUT_RETURN_TYPE = YES_ERROR;
				GCC_WARN_UNDECLARED_SELECTOR = YES;
				GCC_WARN_UNINITIALIZED_AUTOS = YES_AGGRESSIVE;
				GCC_WARN_UNUSED_FUNCTION = YES;
				GCC_WARN_UNUSED_VARIABLE = YES;
				IPHONEOS_DEPLOYMENT_TARGET = 11.2;
				MTL_ENABLE_DEBUG_INFO = NO;
				SDKROOT = iphoneos;
				SWIFT_OPTIMIZATION_LEVEL = "-Owholemodule";
				VALIDATE_PRODUCT = YES;
			};
			name = Release;
		};
		8EA4B7EE204857D100154115 /* Debug */ = {
			isa = XCBuildConfiguration;
			baseConfigurationReference = 03B064BD740820BFD0F0133F /* Pods-ExampleApp.debug.xcconfig */;
			buildSettings = {
				ASSETCATALOG_COMPILER_APPICON_NAME = AppIcon;
				CODE_SIGN_STYLE = Automatic;
				DEVELOPMENT_TEAM = L7NK3GN27V;
				EMBED_ASSET_PACKS_IN_PRODUCT_BUNDLE = YES;
				INFOPLIST_FILE = ExampleApp/Info.plist;
				LD_RUNPATH_SEARCH_PATHS = "$(inherited) @executable_path/Frameworks";
				PRODUCT_BUNDLE_IDENTIFIER = Polidea.RxBluetoothKit.ExampleApp.com;
				PRODUCT_NAME = "$(TARGET_NAME)";
				SWIFT_VERSION = 4.0;
				TARGETED_DEVICE_FAMILY = "1,2";
			};
			name = Debug;
		};
		8EA4B7EF204857D100154115 /* Release */ = {
			isa = XCBuildConfiguration;
			baseConfigurationReference = EDA12C1BE2113E4E2EF8937D /* Pods-ExampleApp.release.xcconfig */;
			buildSettings = {
				ASSETCATALOG_COMPILER_APPICON_NAME = AppIcon;
				CODE_SIGN_STYLE = Automatic;
				DEVELOPMENT_TEAM = L7NK3GN27V;
				EMBED_ASSET_PACKS_IN_PRODUCT_BUNDLE = YES;
				INFOPLIST_FILE = ExampleApp/Info.plist;
				LD_RUNPATH_SEARCH_PATHS = "$(inherited) @executable_path/Frameworks";
				PRODUCT_BUNDLE_IDENTIFIER = Polidea.RxBluetoothKit.ExampleApp.com;
				PRODUCT_NAME = "$(TARGET_NAME)";
				SWIFT_VERSION = 4.0;
				TARGETED_DEVICE_FAMILY = "1,2";
			};
			name = Release;
		};
/* End XCBuildConfiguration section */

/* Begin XCConfigurationList section */
		8EA4B7D6204857D100154115 /* Build configuration list for PBXProject "ExampleApp" */ = {
			isa = XCConfigurationList;
			buildConfigurations = (
				8EA4B7EB204857D100154115 /* Debug */,
				8EA4B7EC204857D100154115 /* Release */,
			);
			defaultConfigurationIsVisible = 0;
			defaultConfigurationName = Release;
		};
		8EA4B7ED204857D100154115 /* Build configuration list for PBXNativeTarget "ExampleApp" */ = {
			isa = XCConfigurationList;
			buildConfigurations = (
				8EA4B7EE204857D100154115 /* Debug */,
				8EA4B7EF204857D100154115 /* Release */,
			);
			defaultConfigurationIsVisible = 0;
			defaultConfigurationName = Release;
		};
/* End XCConfigurationList section */
	};
	rootObject = 8EA4B7D3204857D100154115 /* Project object */;
}
